
Microsoft Visual Studio Solution File, Format Version 12.00
# Visual Studio Version 17
VisualStudioVersion = 17.2.32526.322
MinimumVisualStudioVersion = 10.0.40219.1
Project("{FAE04EC0-301F-11D3-BF4B-00C04F79EFBC}") = "1_HelloCSharp", "1_HelloCSharp.csproj", "{0F1797BA-3DF9-4E34-BB40-05C926F8CBFE}"
EndProject
Global
	GlobalSection(SolutionConfigurationPlatforms) = preSolution
		Debug|Any CPU = Debug|Any CPU
		Release|Any CPU = Release|Any CPU
	EndGlobalSection
	GlobalSection(ProjectConfigurationPlatforms) = postSolution
		{0F1797BA-3DF9-4E34-BB40-05C926F8CBFE}.Debug|Any CPU.ActiveCfg = Debug|Any CPU
		{0F1797BA-3DF9-4E34-BB40-05C926F8CBFE}.Debug|Any CPU.Build.0 = Debug|Any CPU
		{0F1797BA-3DF9-4E34-BB40-05C926F8CBFE}.Release|Any CPU.ActiveCfg = Release|Any CPU
		{0F1797BA-3DF9-4E34-BB40-05C926F8CBFE}.Release|Any CPU.Build.0 = Release|Any CPU
	EndGlobalSection
	GlobalSection(SolutionProperties) = preSolution
		HideSolutionNode = FALSE
	EndGlobalSection
	GlobalSection(ExtensibilityGlobals) = postSolution
		SolutionGuid = {D8F0DB15-EDE2-4A62-969C-432D16FD19A8}
	EndGlobalSection
EndGlobal
