
Microsoft Visual Studio Solution File, Format Version 12.00
# Visual Studio 15
VisualStudioVersion = 15.0.28307.1927
MinimumVisualStudioVersion = 10.0.40219.1
Project("{9A19103F-16F7-4668-BE54-9A1E7A4F7556}") = "1_HelloCSharp", "1_HelloCSharp.csproj", "{0F1797BA-3DF9-4E34-BB40-05C926F8CBFE}"
EndProject
Project("{FAE04EC0-301F-11D3-BF4B-00C04F79EFBC}") = "4_Calculator", "..\4_Calculator\4_Calculator.csproj", "{ED8C9F39-89A5-428B-A3F2-20A75AF092D3}"
EndProject
Project("{FAE04EC0-301F-11D3-BF4B-00C04F79EFBC}") = "4_CalculationReview", "..\4_CalculationReview\4_CalculationReview.csproj", "{530BB4AA-939A-456F-B5C6-B6B81E25CC64}"
EndProject
Project("{FAE04EC0-301F-11D3-BF4B-00C04F79EFBC}") = "Dori01_String", "..\Dori01_String\Dori01_String.csproj", "{ED251BC3-9CC1-43DE-BF65-CB1F45907A39}"
EndProject
Project("{FAE04EC0-301F-11D3-BF4B-00C04F79EFBC}") = "Dori02_DataTypeAndOverflow", "..\Dori02_DataTypeAndOverflow\Dori02_DataTypeAndOverflow.csproj", "{93ABE696-3EF5-44DB-AA89-1C8C2A842A97}"
EndProject
Project("{FAE04EC0-301F-11D3-BF4B-00C04F79EFBC}") = "Dori03_ProgramAndMethod", "..\Dori03_ProgramAndMethod\Dori03_ProgramAndMethod.csproj", "{5ABE505D-9E44-48A4-A686-45A693F0969D}"
EndProject
Project("{FAE04EC0-301F-11D3-BF4B-00C04F79EFBC}") = "Dori05_Enum", "..\Dori05_Enum\Dori05_Enum.csproj", "{795427CD-1754-4126-8145-DCB8E80962D7}"
EndProject
Project("{FAE04EC0-301F-11D3-BF4B-00C04F79EFBC}") = "Dori07_Array", "..\Dori07_Array\Dori07_Array.csproj", "{865CC8BA-23ED-48ED-B99D-7D02761DCA3A}"
EndProject
Project("{FAE04EC0-301F-11D3-BF4B-00C04F79EFBC}") = "Dori08_Conditional", "..\Dori08_Conditional\Dori08_Conditional.csproj", "{AF7CE0E1-231B-4E0D-9B4E-6F650D7019B9}"
EndProject
Project("{FAE04EC0-301F-11D3-BF4B-00C04F79EFBC}") = "Dori09_For", "..\Dori09_For\Dori09_For.csproj", "{0DCBDAD6-8CCC-4AB8-8FFC-D91E7F489707}"
EndProject
Project("{FAE04EC0-301F-11D3-BF4B-00C04F79EFBC}") = "Dori10_while", "..\Dori10_while\Dori10_while.csproj", "{23869AA1-4E2A-40AF-9874-AB61CAAA9B2A}"
EndProject
Project("{FAE04EC0-301F-11D3-BF4B-00C04F79EFBC}") = "Dori11_Struct", "Dori11_Struct\Dori11_Struct.csproj", "{ED3DAD99-5967-4BAE-9AF5-E3F4E65DBFBD}"
EndProject
Project("{FAE04EC0-301F-11D3-BF4B-00C04F79EFBC}") = "Dori12_Class", "Dori12_Class\Dori12_Class.csproj", "{90C5FBE7-2C43-4919-A142-E782C9BA2D6A}"
EndProject
Project("{FAE04EC0-301F-11D3-BF4B-00C04F79EFBC}") = "Dori13_Inheritance", "..\Dori13_Inheritance\Dori13_Inheritance.csproj", "{844C8057-C400-4CC6-9307-D325B9B2F433}"
EndProject
Global
	GlobalSection(SolutionConfigurationPlatforms) = preSolution
		Debug|Any CPU = Debug|Any CPU
		Release|Any CPU = Release|Any CPU
	EndGlobalSection
	GlobalSection(ProjectConfigurationPlatforms) = postSolution
		{0F1797BA-3DF9-4E34-BB40-05C926F8CBFE}.Debug|Any CPU.ActiveCfg = Debug|Any CPU
		{0F1797BA-3DF9-4E34-BB40-05C926F8CBFE}.Debug|Any CPU.Build.0 = Debug|Any CPU
		{0F1797BA-3DF9-4E34-BB40-05C926F8CBFE}.Release|Any CPU.ActiveCfg = Release|Any CPU
		{0F1797BA-3DF9-4E34-BB40-05C926F8CBFE}.Release|Any CPU.Build.0 = Release|Any CPU
		{ED8C9F39-89A5-428B-A3F2-20A75AF092D3}.Debug|Any CPU.ActiveCfg = Debug|Any CPU
		{ED8C9F39-89A5-428B-A3F2-20A75AF092D3}.Debug|Any CPU.Build.0 = Debug|Any CPU
		{ED8C9F39-89A5-428B-A3F2-20A75AF092D3}.Release|Any CPU.ActiveCfg = Release|Any CPU
		{ED8C9F39-89A5-428B-A3F2-20A75AF092D3}.Release|Any CPU.Build.0 = Release|Any CPU
		{530BB4AA-939A-456F-B5C6-B6B81E25CC64}.Debug|Any CPU.ActiveCfg = Debug|Any CPU
		{530BB4AA-939A-456F-B5C6-B6B81E25CC64}.Debug|Any CPU.Build.0 = Debug|Any CPU
		{530BB4AA-939A-456F-B5C6-B6B81E25CC64}.Release|Any CPU.ActiveCfg = Release|Any CPU
		{530BB4AA-939A-456F-B5C6-B6B81E25CC64}.Release|Any CPU.Build.0 = Release|Any CPU
		{ED251BC3-9CC1-43DE-BF65-CB1F45907A39}.Debug|Any CPU.ActiveCfg = Debug|Any CPU
		{ED251BC3-9CC1-43DE-BF65-CB1F45907A39}.Debug|Any CPU.Build.0 = Debug|Any CPU
		{ED251BC3-9CC1-43DE-BF65-CB1F45907A39}.Release|Any CPU.ActiveCfg = Release|Any CPU
		{ED251BC3-9CC1-43DE-BF65-CB1F45907A39}.Release|Any CPU.Build.0 = Release|Any CPU
		{93ABE696-3EF5-44DB-AA89-1C8C2A842A97}.Debug|Any CPU.ActiveCfg = Debug|Any CPU
		{93ABE696-3EF5-44DB-AA89-1C8C2A842A97}.Debug|Any CPU.Build.0 = Debug|Any CPU
		{93ABE696-3EF5-44DB-AA89-1C8C2A842A97}.Release|Any CPU.ActiveCfg = Release|Any CPU
		{93ABE696-3EF5-44DB-AA89-1C8C2A842A97}.Release|Any CPU.Build.0 = Release|Any CPU
		{5ABE505D-9E44-48A4-A686-45A693F0969D}.Debug|Any CPU.ActiveCfg = Debug|Any CPU
		{5ABE505D-9E44-48A4-A686-45A693F0969D}.Debug|Any CPU.Build.0 = Debug|Any CPU
		{5ABE505D-9E44-48A4-A686-45A693F0969D}.Release|Any CPU.ActiveCfg = Release|Any CPU
		{5ABE505D-9E44-48A4-A686-45A693F0969D}.Release|Any CPU.Build.0 = Release|Any CPU
		{795427CD-1754-4126-8145-DCB8E80962D7}.Debug|Any CPU.ActiveCfg = Debug|Any CPU
		{795427CD-1754-4126-8145-DCB8E80962D7}.Debug|Any CPU.Build.0 = Debug|Any CPU
		{795427CD-1754-4126-8145-DCB8E80962D7}.Release|Any CPU.ActiveCfg = Release|Any CPU
		{795427CD-1754-4126-8145-DCB8E80962D7}.Release|Any CPU.Build.0 = Release|Any CPU
		{865CC8BA-23ED-48ED-B99D-7D02761DCA3A}.Debug|Any CPU.ActiveCfg = Debug|Any CPU
		{865CC8BA-23ED-48ED-B99D-7D02761DCA3A}.Debug|Any CPU.Build.0 = Debug|Any CPU
		{865CC8BA-23ED-48ED-B99D-7D02761DCA3A}.Release|Any CPU.ActiveCfg = Release|Any CPU
		{865CC8BA-23ED-48ED-B99D-7D02761DCA3A}.Release|Any CPU.Build.0 = Release|Any CPU
		{AF7CE0E1-231B-4E0D-9B4E-6F650D7019B9}.Debug|Any CPU.ActiveCfg = Debug|Any CPU
		{AF7CE0E1-231B-4E0D-9B4E-6F650D7019B9}.Debug|Any CPU.Build.0 = Debug|Any CPU
		{AF7CE0E1-231B-4E0D-9B4E-6F650D7019B9}.Release|Any CPU.ActiveCfg = Release|Any CPU
		{AF7CE0E1-231B-4E0D-9B4E-6F650D7019B9}.Release|Any CPU.Build.0 = Release|Any CPU
		{0DCBDAD6-8CCC-4AB8-8FFC-D91E7F489707}.Debug|Any CPU.ActiveCfg = Debug|Any CPU
		{0DCBDAD6-8CCC-4AB8-8FFC-D91E7F489707}.Debug|Any CPU.Build.0 = Debug|Any CPU
		{0DCBDAD6-8CCC-4AB8-8FFC-D91E7F489707}.Release|Any CPU.ActiveCfg = Release|Any CPU
		{0DCBDAD6-8CCC-4AB8-8FFC-D91E7F489707}.Release|Any CPU.Build.0 = Release|Any CPU
		{23869AA1-4E2A-40AF-9874-AB61CAAA9B2A}.Debug|Any CPU.ActiveCfg = Debug|Any CPU
		{23869AA1-4E2A-40AF-9874-AB61CAAA9B2A}.Debug|Any CPU.Build.0 = Debug|Any CPU
		{23869AA1-4E2A-40AF-9874-AB61CAAA9B2A}.Release|Any CPU.ActiveCfg = Release|Any CPU
		{23869AA1-4E2A-40AF-9874-AB61CAAA9B2A}.Release|Any CPU.Build.0 = Release|Any CPU
		{ED3DAD99-5967-4BAE-9AF5-E3F4E65DBFBD}.Debug|Any CPU.ActiveCfg = Debug|Any CPU
		{ED3DAD99-5967-4BAE-9AF5-E3F4E65DBFBD}.Debug|Any CPU.Build.0 = Debug|Any CPU
		{ED3DAD99-5967-4BAE-9AF5-E3F4E65DBFBD}.Release|Any CPU.ActiveCfg = Release|Any CPU
		{ED3DAD99-5967-4BAE-9AF5-E3F4E65DBFBD}.Release|Any CPU.Build.0 = Release|Any CPU
		{90C5FBE7-2C43-4919-A142-E782C9BA2D6A}.Debug|Any CPU.ActiveCfg = Debug|Any CPU
		{90C5FBE7-2C43-4919-A142-E782C9BA2D6A}.Debug|Any CPU.Build.0 = Debug|Any CPU
		{90C5FBE7-2C43-4919-A142-E782C9BA2D6A}.Release|Any CPU.ActiveCfg = Release|Any CPU
		{90C5FBE7-2C43-4919-A142-E782C9BA2D6A}.Release|Any CPU.Build.0 = Release|Any CPU
		{844C8057-C400-4CC6-9307-D325B9B2F433}.Debug|Any CPU.ActiveCfg = Debug|Any CPU
		{844C8057-C400-4CC6-9307-D325B9B2F433}.Debug|Any CPU.Build.0 = Debug|Any CPU
		{844C8057-C400-4CC6-9307-D325B9B2F433}.Release|Any CPU.ActiveCfg = Release|Any CPU
		{844C8057-C400-4CC6-9307-D325B9B2F433}.Release|Any CPU.Build.0 = Release|Any CPU
	EndGlobalSection
	GlobalSection(SolutionProperties) = preSolution
		HideSolutionNode = FALSE
	EndGlobalSection
	GlobalSection(ExtensibilityGlobals) = postSolution
		SolutionGuid = {D8F0DB15-EDE2-4A62-969C-432D16FD19A8}
	EndGlobalSection
EndGlobal
