
Microsoft Visual Studio Solution File, Format Version 12.00
# Visual Studio 15
VisualStudioVersion = 15.0.28307.1927
MinimumVisualStudioVersion = 10.0.40219.1
Project("{9A19103F-16F7-4668-BE54-9A1E7A4F7556}") = "1_HelloCSharp", "1_HelloCSharp.csproj", "{0F1797BA-3DF9-4E34-BB40-05C926F8CBFE}"
EndProject
Project("{FAE04EC0-301F-11D3-BF4B-00C04F79EFBC}") = "4_Calculator", "..\4_Calculator\4_Calculator.csproj", "{ED8C9F39-89A5-428B-A3F2-20A75AF092D3}"
EndProject
Project("{FAE04EC0-301F-11D3-BF4B-00C04F79EFBC}") = "4_CalculationReview", "..\4_CalculationReview\4_CalculationReview.csproj", "{530BB4AA-939A-456F-B5C6-B6B81E25CC64}"
EndProject
Project("{FAE04EC0-301F-11D3-BF4B-00C04F79EFBC}") = "Dori01_String", "..\Dori01_String\Dori01_String.csproj", "{ED251BC3-9CC1-43DE-BF65-CB1F45907A39}"
EndProject
Project("{FAE04EC0-301F-11D3-BF4B-00C04F79EFBC}") = "Dori02_DataTypeAndOverflow", "..\Dori02_DataTypeAndOverflow\Dori02_DataTypeAndOverflow.csproj", "{93ABE696-3EF5-44DB-AA89-1C8C2A842A97}"
EndProject
Project("{FAE04EC0-301F-11D3-BF4B-00C04F79EFBC}") = "Dori03_ProgramAndMethod", "..\Dori03_ProgramAndMethod\Dori03_ProgramAndMethod.csproj", "{5ABE505D-9E44-48A4-A686-45A693F0969D}"
EndProject
Project("{FAE04EC0-301F-11D3-BF4B-00C04F79EFBC}") = "Dori05_Enum", "..\Dori05_Enum\Dori05_Enum.csproj", "{795427CD-1754-4126-8145-DCB8E80962D7}"
EndProject
Project("{FAE04EC0-301F-11D3-BF4B-00C04F79EFBC}") = "Dori07_Array", "..\Dori07_Array\Dori07_Array.csproj", "{865CC8BA-23ED-48ED-B99D-7D02761DCA3A}"
EndProject
Project("{FAE04EC0-301F-11D3-BF4B-00C04F79EFBC}") = "Dori08_Conditional", "..\Dori08_Conditional\Dori08_Conditional.csproj", "{AF7CE0E1-231B-4E0D-9B4E-6F650D7019B9}"
EndProject
Project("{FAE04EC0-301F-11D3-BF4B-00C04F79EFBC}") = "Dori09_For", "..\Dori09_For\Dori09_For.csproj", "{0DCBDAD6-8CCC-4AB8-8FFC-D91E7F489707}"
EndProject
Project("{FAE04EC0-301F-11D3-BF4B-00C04F79EFBC}") = "Dori10_while", "..\Dori10_while\Dori10_while.csproj", "{23869AA1-4E2A-40AF-9874-AB61CAAA9B2A}"
EndProject
Project("{FAE04EC0-301F-11D3-BF4B-00C04F79EFBC}") = "Dori11_Struct", "Dori11_Struct\Dori11_Struct.csproj", "{ED3DAD99-5967-4BAE-9AF5-E3F4E65DBFBD}"
EndProject
Project("{FAE04EC0-301F-11D3-BF4B-00C04F79EFBC}") = "Dori12_Class", "Dori12_Class\Dori12_Class.csproj", "{90C5FBE7-2C43-4919-A142-E782C9BA2D6A}"
EndProject
Project("{FAE04EC0-301F-11D3-BF4B-00C04F79EFBC}") = "Dori13_Inheritance", "..\Dori13_Inheritance\Dori13_Inheritance.csproj", "{844C8057-C400-4CC6-9307-D325B9B2F433}"
EndProject
Project("{FAE04EC0-301F-11D3-BF4B-00C04F79EFBC}") = "Dori15_Encapsulation", "..\Dori15_Encapsulation\Dori15_Encapsulation.csproj", "{642D4523-20F5-4482-A9E3-3F7FDCF97F3A}"
EndProject
Project("{FAE04EC0-301F-11D3-BF4B-00C04F79EFBC}") = "Dori16_StreamReader", "..\Dori16_StreamReader\Dori16_StreamReader.csproj", "{8728DD5C-4083-45BE-8EBD-23ECFAEB8B6B}"
EndProject
Project("{FAE04EC0-301F-11D3-BF4B-00C04F79EFBC}") = "Dori16_StreamReaderReivew", "..\Dori16_StreamReaderReivew\Dori16_StreamReaderReivew.csproj", "{F119ADC6-80ED-4A5E-9C49-DC5D8058735F}"
EndProject
Project("{FAE04EC0-301F-11D3-BF4B-00C04F79EFBC}") = "Dori17_XMLReader", "..\Dori_17XMLReader\Dori17_XMLReader.csproj", "{BAED728C-2573-4919-BA44-490752C70D2D}"
EndProject
Project("{FAE04EC0-301F-11D3-BF4B-00C04F79EFBC}") = "Dori18_Timer", "..\Dori18_Timer\Dori18_Timer.csproj", "{D9B089A8-3239-4142-AA4E-00EA704A7AB4}"
EndProject
Project("{FAE04EC0-301F-11D3-BF4B-00C04F79EFBC}") = "Dori19_Encryption", "..\Dori19_Encryption\Dori19_Encryption.csproj", "{1A19E7DE-65E9-41C3-B82E-FEB8B59BD49D}"
EndProject
Project("{9A19103F-16F7-4668-BE54-9A1E7A4F7556}") = "Dori19_EncriptionReview", "..\Dori19_EncriptionReview\Dori19_EncriptionReview.csproj", "{7ECB3681-E5E7-46BC-91CD-EB45AA1FDBFB}"
EndProject
Project("{FAE04EC0-301F-11D3-BF4B-00C04F79EFBC}") = "Dori20_StackQueue", "..\Dori20_StackQueue\Dori20_StackQueue.csproj", "{04228F5E-26C7-4EB0-87D2-B04807258955}"
EndProject
Project("{FAE04EC0-301F-11D3-BF4B-00C04F79EFBC}") = "Dori21_ListStruct", "..\Dori21_ListStruct\Dori21_ListStruct.csproj", "{B33343E5-709B-42EE-BDFE-10C13145ECFC}"
EndProject
Project("{FAE04EC0-301F-11D3-BF4B-00C04F79EFBC}") = "Dori22_Dictionary", "..\Dori22_Dictionary\Dori22_Dictionary.csproj", "{2108D3F7-E6FD-444F-9EA3-A91DBCE83BC9}"
EndProject
Project("{FAE04EC0-301F-11D3-BF4B-00C04F79EFBC}") = "Dori23_DataTableDataSet", "..\Dori23_DataTableDataSet\Dori23_DataTableDataSet.csproj", "{8670535E-B03F-423D-AC40-40B1FD879007}"
EndProject
Project("{FAE04EC0-301F-11D3-BF4B-00C04F79EFBC}") = "Dori24_Delegate", "..\Dori24_Delegate\Dori24_Delegate.csproj", "{8029DD1B-F217-496C-8097-4D6C673057DB}"
EndProject
Project("{FAE04EC0-301F-11D3-BF4B-00C04F79EFBC}") = "Dori25_Delegate2", "Dori25_Delegate2\Dori25_Delegate2.csproj", "{B3BEB874-340F-4CF2-AF48-F6DD7D9DC41F}"
EndProject
Project("{FAE04EC0-301F-11D3-BF4B-00C04F79EFBC}") = "Dori26_Thread", "..\Dori26_Thread\Dori26_Thread.csproj", "{5F7AA0F2-E6A6-41DF-B79C-95AECDFAD9DD}"
EndProject
Project("{2150E333-8FDC-42A3-9474-1A3956D46DE8}") = "Delegate", "Delegate", "{A460A8B1-363C-4B05-9EE1-5B597A8E8D9D}"
EndProject
Project("{FAE04EC0-301F-11D3-BF4B-00C04F79EFBC}") = "01_Delegate", "..\01_Delegate\01_Delegate.csproj", "{642C83EC-B034-42B3-A207-768AAFB78047}"
EndProject
Project("{FAE04EC0-301F-11D3-BF4B-00C04F79EFBC}") = "03_Delegate", "..\03_Delegate\03_Delegate.csproj", "{5A9AD68E-52FE-4863-BA4F-D370F2BC335D}"
EndProject
Project("{FAE04EC0-301F-11D3-BF4B-00C04F79EFBC}") = "03_EventReview", "..\03_EventReview\03_EventReview.csproj", "{18476761-FA76-44E3-B927-31CD693E300F}"
EndProject
Project("{FAE04EC0-301F-11D3-BF4B-00C04F79EFBC}") = "04_Interface", "..\04_Interface\04_Interface.csproj", "{F8A6B361-2F06-463C-87DA-1C165523255A}"
EndProject
Project("{FAE04EC0-301F-11D3-BF4B-00C04F79EFBC}") = "03_EventReview2", "..\03_EventReview2\03_EventReview2.csproj", "{D22E85F8-1D9D-4A7F-9A18-1FC9F22E1DF8}"
EndProject
Project("{FAE04EC0-301F-11D3-BF4B-00C04F79EFBC}") = "05_.InterfaceEvent", "..\05_.InterfaceEvent\05_.InterfaceEvent.csproj", "{C2292D2A-01E6-4418-A6D5-EE29B1B99B6E}"
EndProject
Project("{2150E333-8FDC-42A3-9474-1A3956D46DE8}") = "Dori Review", "Dori Review", "{D7615A91-DFA4-4107-8188-72C6170484C1}"
EndProject
Project("{FAE04EC0-301F-11D3-BF4B-00C04F79EFBC}") = "Dori24_DelegateReview", "..\Dori24_DelegateReview\Dori24_DelegateReview.csproj", "{486756E5-9283-47BC-907F-1B68A6E463A2}"
EndProject
Project("{FAE04EC0-301F-11D3-BF4B-00C04F79EFBC}") = "Dori26_ThreadReview", "..\Dori27_ThreadReview\Dori26_ThreadReview.csproj", "{D7BFAF47-8639-43E1-ACAF-80BC6657C62C}"
EndProject
Project("{FAE04EC0-301F-11D3-BF4B-00C04F79EFBC}") = "Dori28_Exception", "..\Dori28_Exception\Dori28_Exception.csproj", "{6DF96C53-FB46-401A-B5DD-98C6307BF9B2}"
EndProject
Project("{FAE04EC0-301F-11D3-BF4B-00C04F79EFBC}") = "Dori28_Exception2", "..\Dori28_Exception2\Dori28_Exception2.csproj", "{B3D5FC10-C48E-4CBF-9D18-EB0E35FE4C0B}"
EndProject
Project("{FAE04EC0-301F-11D3-BF4B-00C04F79EFBC}") = "Dori29_UserControl", "Dori29_UserControl\Dori29_UserControl.csproj", "{BAFC54B5-3EEB-40BC-BFEF-F5ACC8A3176C}"
EndProject
Project("{FAE04EC0-301F-11D3-BF4B-00C04F79EFBC}") = "Dori30_Lambda", "..\Dori30_Lambda\Dori30_Lambda.csproj", "{56ACE3B4-2E8A-4094-8C65-D2E1F694CE90}"
EndProject
Project("{FAE04EC0-301F-11D3-BF4B-00C04F79EFBC}") = "Dori31_LINQ", "..\Dori31_LINQ\Dori31_LINQ.csproj", "{AA56B55F-2468-4EC7-8B2E-0D3A4A68A852}"
EndProject
Project("{FAE04EC0-301F-11D3-BF4B-00C04F79EFBC}") = "Dori50_FrameModeling", "..\Dori50_FrameModeling\Dori50_FrameModeling.csproj", "{A1E2DD86-5BA3-4410-8D89-F39600F46760}"
EndProject
Global
	GlobalSection(SolutionConfigurationPlatforms) = preSolution
		Debug|Any CPU = Debug|Any CPU
		Release|Any CPU = Release|Any CPU
	EndGlobalSection
	GlobalSection(ProjectConfigurationPlatforms) = postSolution
		{0F1797BA-3DF9-4E34-BB40-05C926F8CBFE}.Debug|Any CPU.ActiveCfg = Debug|Any CPU
		{0F1797BA-3DF9-4E34-BB40-05C926F8CBFE}.Debug|Any CPU.Build.0 = Debug|Any CPU
		{0F1797BA-3DF9-4E34-BB40-05C926F8CBFE}.Release|Any CPU.ActiveCfg = Release|Any CPU
		{0F1797BA-3DF9-4E34-BB40-05C926F8CBFE}.Release|Any CPU.Build.0 = Release|Any CPU
		{ED8C9F39-89A5-428B-A3F2-20A75AF092D3}.Debug|Any CPU.ActiveCfg = Debug|Any CPU
		{ED8C9F39-89A5-428B-A3F2-20A75AF092D3}.Debug|Any CPU.Build.0 = Debug|Any CPU
		{ED8C9F39-89A5-428B-A3F2-20A75AF092D3}.Release|Any CPU.ActiveCfg = Release|Any CPU
		{ED8C9F39-89A5-428B-A3F2-20A75AF092D3}.Release|Any CPU.Build.0 = Release|Any CPU
		{530BB4AA-939A-456F-B5C6-B6B81E25CC64}.Debug|Any CPU.ActiveCfg = Debug|Any CPU
		{530BB4AA-939A-456F-B5C6-B6B81E25CC64}.Debug|Any CPU.Build.0 = Debug|Any CPU
		{530BB4AA-939A-456F-B5C6-B6B81E25CC64}.Release|Any CPU.ActiveCfg = Release|Any CPU
		{530BB4AA-939A-456F-B5C6-B6B81E25CC64}.Release|Any CPU.Build.0 = Release|Any CPU
		{ED251BC3-9CC1-43DE-BF65-CB1F45907A39}.Debug|Any CPU.ActiveCfg = Debug|Any CPU
		{ED251BC3-9CC1-43DE-BF65-CB1F45907A39}.Debug|Any CPU.Build.0 = Debug|Any CPU
		{ED251BC3-9CC1-43DE-BF65-CB1F45907A39}.Release|Any CPU.ActiveCfg = Release|Any CPU
		{ED251BC3-9CC1-43DE-BF65-CB1F45907A39}.Release|Any CPU.Build.0 = Release|Any CPU
		{93ABE696-3EF5-44DB-AA89-1C8C2A842A97}.Debug|Any CPU.ActiveCfg = Debug|Any CPU
		{93ABE696-3EF5-44DB-AA89-1C8C2A842A97}.Debug|Any CPU.Build.0 = Debug|Any CPU
		{93ABE696-3EF5-44DB-AA89-1C8C2A842A97}.Release|Any CPU.ActiveCfg = Release|Any CPU
		{93ABE696-3EF5-44DB-AA89-1C8C2A842A97}.Release|Any CPU.Build.0 = Release|Any CPU
		{5ABE505D-9E44-48A4-A686-45A693F0969D}.Debug|Any CPU.ActiveCfg = Debug|Any CPU
		{5ABE505D-9E44-48A4-A686-45A693F0969D}.Debug|Any CPU.Build.0 = Debug|Any CPU
		{5ABE505D-9E44-48A4-A686-45A693F0969D}.Release|Any CPU.ActiveCfg = Release|Any CPU
		{5ABE505D-9E44-48A4-A686-45A693F0969D}.Release|Any CPU.Build.0 = Release|Any CPU
		{795427CD-1754-4126-8145-DCB8E80962D7}.Debug|Any CPU.ActiveCfg = Debug|Any CPU
		{795427CD-1754-4126-8145-DCB8E80962D7}.Debug|Any CPU.Build.0 = Debug|Any CPU
		{795427CD-1754-4126-8145-DCB8E80962D7}.Release|Any CPU.ActiveCfg = Release|Any CPU
		{795427CD-1754-4126-8145-DCB8E80962D7}.Release|Any CPU.Build.0 = Release|Any CPU
		{865CC8BA-23ED-48ED-B99D-7D02761DCA3A}.Debug|Any CPU.ActiveCfg = Debug|Any CPU
		{865CC8BA-23ED-48ED-B99D-7D02761DCA3A}.Debug|Any CPU.Build.0 = Debug|Any CPU
		{865CC8BA-23ED-48ED-B99D-7D02761DCA3A}.Release|Any CPU.ActiveCfg = Release|Any CPU
		{865CC8BA-23ED-48ED-B99D-7D02761DCA3A}.Release|Any CPU.Build.0 = Release|Any CPU
		{AF7CE0E1-231B-4E0D-9B4E-6F650D7019B9}.Debug|Any CPU.ActiveCfg = Debug|Any CPU
		{AF7CE0E1-231B-4E0D-9B4E-6F650D7019B9}.Debug|Any CPU.Build.0 = Debug|Any CPU
		{AF7CE0E1-231B-4E0D-9B4E-6F650D7019B9}.Release|Any CPU.ActiveCfg = Release|Any CPU
		{AF7CE0E1-231B-4E0D-9B4E-6F650D7019B9}.Release|Any CPU.Build.0 = Release|Any CPU
		{0DCBDAD6-8CCC-4AB8-8FFC-D91E7F489707}.Debug|Any CPU.ActiveCfg = Debug|Any CPU
		{0DCBDAD6-8CCC-4AB8-8FFC-D91E7F489707}.Debug|Any CPU.Build.0 = Debug|Any CPU
		{0DCBDAD6-8CCC-4AB8-8FFC-D91E7F489707}.Release|Any CPU.ActiveCfg = Release|Any CPU
		{0DCBDAD6-8CCC-4AB8-8FFC-D91E7F489707}.Release|Any CPU.Build.0 = Release|Any CPU
		{23869AA1-4E2A-40AF-9874-AB61CAAA9B2A}.Debug|Any CPU.ActiveCfg = Debug|Any CPU
		{23869AA1-4E2A-40AF-9874-AB61CAAA9B2A}.Debug|Any CPU.Build.0 = Debug|Any CPU
		{23869AA1-4E2A-40AF-9874-AB61CAAA9B2A}.Release|Any CPU.ActiveCfg = Release|Any CPU
		{23869AA1-4E2A-40AF-9874-AB61CAAA9B2A}.Release|Any CPU.Build.0 = Release|Any CPU
		{ED3DAD99-5967-4BAE-9AF5-E3F4E65DBFBD}.Debug|Any CPU.ActiveCfg = Debug|Any CPU
		{ED3DAD99-5967-4BAE-9AF5-E3F4E65DBFBD}.Debug|Any CPU.Build.0 = Debug|Any CPU
		{ED3DAD99-5967-4BAE-9AF5-E3F4E65DBFBD}.Release|Any CPU.ActiveCfg = Release|Any CPU
		{ED3DAD99-5967-4BAE-9AF5-E3F4E65DBFBD}.Release|Any CPU.Build.0 = Release|Any CPU
		{90C5FBE7-2C43-4919-A142-E782C9BA2D6A}.Debug|Any CPU.ActiveCfg = Debug|Any CPU
		{90C5FBE7-2C43-4919-A142-E782C9BA2D6A}.Debug|Any CPU.Build.0 = Debug|Any CPU
		{90C5FBE7-2C43-4919-A142-E782C9BA2D6A}.Release|Any CPU.ActiveCfg = Release|Any CPU
		{90C5FBE7-2C43-4919-A142-E782C9BA2D6A}.Release|Any CPU.Build.0 = Release|Any CPU
		{844C8057-C400-4CC6-9307-D325B9B2F433}.Debug|Any CPU.ActiveCfg = Debug|Any CPU
		{844C8057-C400-4CC6-9307-D325B9B2F433}.Debug|Any CPU.Build.0 = Debug|Any CPU
		{844C8057-C400-4CC6-9307-D325B9B2F433}.Release|Any CPU.ActiveCfg = Release|Any CPU
		{844C8057-C400-4CC6-9307-D325B9B2F433}.Release|Any CPU.Build.0 = Release|Any CPU
		{642D4523-20F5-4482-A9E3-3F7FDCF97F3A}.Debug|Any CPU.ActiveCfg = Debug|Any CPU
		{642D4523-20F5-4482-A9E3-3F7FDCF97F3A}.Debug|Any CPU.Build.0 = Debug|Any CPU
		{642D4523-20F5-4482-A9E3-3F7FDCF97F3A}.Release|Any CPU.ActiveCfg = Release|Any CPU
		{642D4523-20F5-4482-A9E3-3F7FDCF97F3A}.Release|Any CPU.Build.0 = Release|Any CPU
		{8728DD5C-4083-45BE-8EBD-23ECFAEB8B6B}.Debug|Any CPU.ActiveCfg = Debug|Any CPU
		{8728DD5C-4083-45BE-8EBD-23ECFAEB8B6B}.Debug|Any CPU.Build.0 = Debug|Any CPU
		{8728DD5C-4083-45BE-8EBD-23ECFAEB8B6B}.Release|Any CPU.ActiveCfg = Release|Any CPU
		{8728DD5C-4083-45BE-8EBD-23ECFAEB8B6B}.Release|Any CPU.Build.0 = Release|Any CPU
		{F119ADC6-80ED-4A5E-9C49-DC5D8058735F}.Debug|Any CPU.ActiveCfg = Debug|Any CPU
		{F119ADC6-80ED-4A5E-9C49-DC5D8058735F}.Debug|Any CPU.Build.0 = Debug|Any CPU
		{F119ADC6-80ED-4A5E-9C49-DC5D8058735F}.Release|Any CPU.ActiveCfg = Release|Any CPU
		{F119ADC6-80ED-4A5E-9C49-DC5D8058735F}.Release|Any CPU.Build.0 = Release|Any CPU
		{BAED728C-2573-4919-BA44-490752C70D2D}.Debug|Any CPU.ActiveCfg = Debug|Any CPU
		{BAED728C-2573-4919-BA44-490752C70D2D}.Debug|Any CPU.Build.0 = Debug|Any CPU
		{BAED728C-2573-4919-BA44-490752C70D2D}.Release|Any CPU.ActiveCfg = Release|Any CPU
		{BAED728C-2573-4919-BA44-490752C70D2D}.Release|Any CPU.Build.0 = Release|Any CPU
		{D9B089A8-3239-4142-AA4E-00EA704A7AB4}.Debug|Any CPU.ActiveCfg = Debug|Any CPU
		{D9B089A8-3239-4142-AA4E-00EA704A7AB4}.Debug|Any CPU.Build.0 = Debug|Any CPU
		{D9B089A8-3239-4142-AA4E-00EA704A7AB4}.Release|Any CPU.ActiveCfg = Release|Any CPU
		{D9B089A8-3239-4142-AA4E-00EA704A7AB4}.Release|Any CPU.Build.0 = Release|Any CPU
		{1A19E7DE-65E9-41C3-B82E-FEB8B59BD49D}.Debug|Any CPU.ActiveCfg = Debug|Any CPU
		{1A19E7DE-65E9-41C3-B82E-FEB8B59BD49D}.Debug|Any CPU.Build.0 = Debug|Any CPU
		{1A19E7DE-65E9-41C3-B82E-FEB8B59BD49D}.Release|Any CPU.ActiveCfg = Release|Any CPU
		{1A19E7DE-65E9-41C3-B82E-FEB8B59BD49D}.Release|Any CPU.Build.0 = Release|Any CPU
		{7ECB3681-E5E7-46BC-91CD-EB45AA1FDBFB}.Debug|Any CPU.ActiveCfg = Debug|Any CPU
		{7ECB3681-E5E7-46BC-91CD-EB45AA1FDBFB}.Debug|Any CPU.Build.0 = Debug|Any CPU
		{7ECB3681-E5E7-46BC-91CD-EB45AA1FDBFB}.Release|Any CPU.ActiveCfg = Release|Any CPU
		{7ECB3681-E5E7-46BC-91CD-EB45AA1FDBFB}.Release|Any CPU.Build.0 = Release|Any CPU
		{04228F5E-26C7-4EB0-87D2-B04807258955}.Debug|Any CPU.ActiveCfg = Debug|Any CPU
		{04228F5E-26C7-4EB0-87D2-B04807258955}.Debug|Any CPU.Build.0 = Debug|Any CPU
		{04228F5E-26C7-4EB0-87D2-B04807258955}.Release|Any CPU.ActiveCfg = Release|Any CPU
		{04228F5E-26C7-4EB0-87D2-B04807258955}.Release|Any CPU.Build.0 = Release|Any CPU
		{B33343E5-709B-42EE-BDFE-10C13145ECFC}.Debug|Any CPU.ActiveCfg = Debug|Any CPU
		{B33343E5-709B-42EE-BDFE-10C13145ECFC}.Debug|Any CPU.Build.0 = Debug|Any CPU
		{B33343E5-709B-42EE-BDFE-10C13145ECFC}.Release|Any CPU.ActiveCfg = Release|Any CPU
		{B33343E5-709B-42EE-BDFE-10C13145ECFC}.Release|Any CPU.Build.0 = Release|Any CPU
		{2108D3F7-E6FD-444F-9EA3-A91DBCE83BC9}.Debug|Any CPU.ActiveCfg = Debug|Any CPU
		{2108D3F7-E6FD-444F-9EA3-A91DBCE83BC9}.Debug|Any CPU.Build.0 = Debug|Any CPU
		{2108D3F7-E6FD-444F-9EA3-A91DBCE83BC9}.Release|Any CPU.ActiveCfg = Release|Any CPU
		{2108D3F7-E6FD-444F-9EA3-A91DBCE83BC9}.Release|Any CPU.Build.0 = Release|Any CPU
		{8670535E-B03F-423D-AC40-40B1FD879007}.Debug|Any CPU.ActiveCfg = Debug|Any CPU
		{8670535E-B03F-423D-AC40-40B1FD879007}.Debug|Any CPU.Build.0 = Debug|Any CPU
		{8670535E-B03F-423D-AC40-40B1FD879007}.Release|Any CPU.ActiveCfg = Release|Any CPU
		{8670535E-B03F-423D-AC40-40B1FD879007}.Release|Any CPU.Build.0 = Release|Any CPU
		{8029DD1B-F217-496C-8097-4D6C673057DB}.Debug|Any CPU.ActiveCfg = Debug|Any CPU
		{8029DD1B-F217-496C-8097-4D6C673057DB}.Debug|Any CPU.Build.0 = Debug|Any CPU
		{8029DD1B-F217-496C-8097-4D6C673057DB}.Release|Any CPU.ActiveCfg = Release|Any CPU
		{8029DD1B-F217-496C-8097-4D6C673057DB}.Release|Any CPU.Build.0 = Release|Any CPU
		{B3BEB874-340F-4CF2-AF48-F6DD7D9DC41F}.Debug|Any CPU.ActiveCfg = Debug|Any CPU
		{B3BEB874-340F-4CF2-AF48-F6DD7D9DC41F}.Debug|Any CPU.Build.0 = Debug|Any CPU
		{B3BEB874-340F-4CF2-AF48-F6DD7D9DC41F}.Release|Any CPU.ActiveCfg = Release|Any CPU
		{B3BEB874-340F-4CF2-AF48-F6DD7D9DC41F}.Release|Any CPU.Build.0 = Release|Any CPU
		{5F7AA0F2-E6A6-41DF-B79C-95AECDFAD9DD}.Debug|Any CPU.ActiveCfg = Debug|Any CPU
		{5F7AA0F2-E6A6-41DF-B79C-95AECDFAD9DD}.Debug|Any CPU.Build.0 = Debug|Any CPU
		{5F7AA0F2-E6A6-41DF-B79C-95AECDFAD9DD}.Release|Any CPU.ActiveCfg = Release|Any CPU
		{5F7AA0F2-E6A6-41DF-B79C-95AECDFAD9DD}.Release|Any CPU.Build.0 = Release|Any CPU
		{642C83EC-B034-42B3-A207-768AAFB78047}.Debug|Any CPU.ActiveCfg = Debug|Any CPU
		{642C83EC-B034-42B3-A207-768AAFB78047}.Debug|Any CPU.Build.0 = Debug|Any CPU
		{642C83EC-B034-42B3-A207-768AAFB78047}.Release|Any CPU.ActiveCfg = Release|Any CPU
		{642C83EC-B034-42B3-A207-768AAFB78047}.Release|Any CPU.Build.0 = Release|Any CPU
		{5A9AD68E-52FE-4863-BA4F-D370F2BC335D}.Debug|Any CPU.ActiveCfg = Debug|Any CPU
		{5A9AD68E-52FE-4863-BA4F-D370F2BC335D}.Debug|Any CPU.Build.0 = Debug|Any CPU
		{5A9AD68E-52FE-4863-BA4F-D370F2BC335D}.Release|Any CPU.ActiveCfg = Release|Any CPU
		{5A9AD68E-52FE-4863-BA4F-D370F2BC335D}.Release|Any CPU.Build.0 = Release|Any CPU
		{18476761-FA76-44E3-B927-31CD693E300F}.Debug|Any CPU.ActiveCfg = Debug|Any CPU
		{18476761-FA76-44E3-B927-31CD693E300F}.Debug|Any CPU.Build.0 = Debug|Any CPU
		{18476761-FA76-44E3-B927-31CD693E300F}.Release|Any CPU.ActiveCfg = Release|Any CPU
		{18476761-FA76-44E3-B927-31CD693E300F}.Release|Any CPU.Build.0 = Release|Any CPU
		{F8A6B361-2F06-463C-87DA-1C165523255A}.Debug|Any CPU.ActiveCfg = Debug|Any CPU
		{F8A6B361-2F06-463C-87DA-1C165523255A}.Debug|Any CPU.Build.0 = Debug|Any CPU
		{F8A6B361-2F06-463C-87DA-1C165523255A}.Release|Any CPU.ActiveCfg = Release|Any CPU
		{F8A6B361-2F06-463C-87DA-1C165523255A}.Release|Any CPU.Build.0 = Release|Any CPU
		{D22E85F8-1D9D-4A7F-9A18-1FC9F22E1DF8}.Debug|Any CPU.ActiveCfg = Debug|Any CPU
		{D22E85F8-1D9D-4A7F-9A18-1FC9F22E1DF8}.Debug|Any CPU.Build.0 = Debug|Any CPU
		{D22E85F8-1D9D-4A7F-9A18-1FC9F22E1DF8}.Release|Any CPU.ActiveCfg = Release|Any CPU
		{D22E85F8-1D9D-4A7F-9A18-1FC9F22E1DF8}.Release|Any CPU.Build.0 = Release|Any CPU
		{C2292D2A-01E6-4418-A6D5-EE29B1B99B6E}.Debug|Any CPU.ActiveCfg = Debug|Any CPU
		{C2292D2A-01E6-4418-A6D5-EE29B1B99B6E}.Debug|Any CPU.Build.0 = Debug|Any CPU
		{C2292D2A-01E6-4418-A6D5-EE29B1B99B6E}.Release|Any CPU.ActiveCfg = Release|Any CPU
		{C2292D2A-01E6-4418-A6D5-EE29B1B99B6E}.Release|Any CPU.Build.0 = Release|Any CPU
		{486756E5-9283-47BC-907F-1B68A6E463A2}.Debug|Any CPU.ActiveCfg = Debug|Any CPU
		{486756E5-9283-47BC-907F-1B68A6E463A2}.Debug|Any CPU.Build.0 = Debug|Any CPU
		{486756E5-9283-47BC-907F-1B68A6E463A2}.Release|Any CPU.ActiveCfg = Release|Any CPU
		{486756E5-9283-47BC-907F-1B68A6E463A2}.Release|Any CPU.Build.0 = Release|Any CPU
		{D7BFAF47-8639-43E1-ACAF-80BC6657C62C}.Debug|Any CPU.ActiveCfg = Debug|Any CPU
		{D7BFAF47-8639-43E1-ACAF-80BC6657C62C}.Debug|Any CPU.Build.0 = Debug|Any CPU
		{D7BFAF47-8639-43E1-ACAF-80BC6657C62C}.Release|Any CPU.ActiveCfg = Release|Any CPU
		{D7BFAF47-8639-43E1-ACAF-80BC6657C62C}.Release|Any CPU.Build.0 = Release|Any CPU
		{6DF96C53-FB46-401A-B5DD-98C6307BF9B2}.Debug|Any CPU.ActiveCfg = Debug|Any CPU
		{6DF96C53-FB46-401A-B5DD-98C6307BF9B2}.Debug|Any CPU.Build.0 = Debug|Any CPU
		{6DF96C53-FB46-401A-B5DD-98C6307BF9B2}.Release|Any CPU.ActiveCfg = Release|Any CPU
		{6DF96C53-FB46-401A-B5DD-98C6307BF9B2}.Release|Any CPU.Build.0 = Release|Any CPU
		{B3D5FC10-C48E-4CBF-9D18-EB0E35FE4C0B}.Debug|Any CPU.ActiveCfg = Debug|Any CPU
		{B3D5FC10-C48E-4CBF-9D18-EB0E35FE4C0B}.Debug|Any CPU.Build.0 = Debug|Any CPU
		{B3D5FC10-C48E-4CBF-9D18-EB0E35FE4C0B}.Release|Any CPU.ActiveCfg = Release|Any CPU
		{B3D5FC10-C48E-4CBF-9D18-EB0E35FE4C0B}.Release|Any CPU.Build.0 = Release|Any CPU
		{BAFC54B5-3EEB-40BC-BFEF-F5ACC8A3176C}.Debug|Any CPU.ActiveCfg = Debug|Any CPU
		{BAFC54B5-3EEB-40BC-BFEF-F5ACC8A3176C}.Debug|Any CPU.Build.0 = Debug|Any CPU
		{BAFC54B5-3EEB-40BC-BFEF-F5ACC8A3176C}.Release|Any CPU.ActiveCfg = Release|Any CPU
		{BAFC54B5-3EEB-40BC-BFEF-F5ACC8A3176C}.Release|Any CPU.Build.0 = Release|Any CPU
		{56ACE3B4-2E8A-4094-8C65-D2E1F694CE90}.Debug|Any CPU.ActiveCfg = Debug|Any CPU
		{56ACE3B4-2E8A-4094-8C65-D2E1F694CE90}.Debug|Any CPU.Build.0 = Debug|Any CPU
		{56ACE3B4-2E8A-4094-8C65-D2E1F694CE90}.Release|Any CPU.ActiveCfg = Release|Any CPU
		{56ACE3B4-2E8A-4094-8C65-D2E1F694CE90}.Release|Any CPU.Build.0 = Release|Any CPU
		{AA56B55F-2468-4EC7-8B2E-0D3A4A68A852}.Debug|Any CPU.ActiveCfg = Debug|Any CPU
		{AA56B55F-2468-4EC7-8B2E-0D3A4A68A852}.Debug|Any CPU.Build.0 = Debug|Any CPU
		{AA56B55F-2468-4EC7-8B2E-0D3A4A68A852}.Release|Any CPU.ActiveCfg = Release|Any CPU
		{AA56B55F-2468-4EC7-8B2E-0D3A4A68A852}.Release|Any CPU.Build.0 = Release|Any CPU
		{A1E2DD86-5BA3-4410-8D89-F39600F46760}.Debug|Any CPU.ActiveCfg = Debug|Any CPU
		{A1E2DD86-5BA3-4410-8D89-F39600F46760}.Debug|Any CPU.Build.0 = Debug|Any CPU
		{A1E2DD86-5BA3-4410-8D89-F39600F46760}.Release|Any CPU.ActiveCfg = Release|Any CPU
		{A1E2DD86-5BA3-4410-8D89-F39600F46760}.Release|Any CPU.Build.0 = Release|Any CPU
	EndGlobalSection
	GlobalSection(SolutionProperties) = preSolution
		HideSolutionNode = FALSE
	EndGlobalSection
	GlobalSection(NestedProjects) = preSolution
		{642C83EC-B034-42B3-A207-768AAFB78047} = {A460A8B1-363C-4B05-9EE1-5B597A8E8D9D}
		{5A9AD68E-52FE-4863-BA4F-D370F2BC335D} = {A460A8B1-363C-4B05-9EE1-5B597A8E8D9D}
		{18476761-FA76-44E3-B927-31CD693E300F} = {A460A8B1-363C-4B05-9EE1-5B597A8E8D9D}
		{F8A6B361-2F06-463C-87DA-1C165523255A} = {A460A8B1-363C-4B05-9EE1-5B597A8E8D9D}
		{D22E85F8-1D9D-4A7F-9A18-1FC9F22E1DF8} = {A460A8B1-363C-4B05-9EE1-5B597A8E8D9D}
		{C2292D2A-01E6-4418-A6D5-EE29B1B99B6E} = {A460A8B1-363C-4B05-9EE1-5B597A8E8D9D}
		{486756E5-9283-47BC-907F-1B68A6E463A2} = {D7615A91-DFA4-4107-8188-72C6170484C1}
		{D7BFAF47-8639-43E1-ACAF-80BC6657C62C} = {D7615A91-DFA4-4107-8188-72C6170484C1}
	EndGlobalSection
	GlobalSection(ExtensibilityGlobals) = postSolution
		SolutionGuid = {D8F0DB15-EDE2-4A62-969C-432D16FD19A8}
	EndGlobalSection
EndGlobal
