
Microsoft Visual Studio Solution File, Format Version 12.00
# Visual Studio Version 17
VisualStudioVersion = 17.2.32630.192
MinimumVisualStudioVersion = 10.0.40219.1
Project("{FAE04EC0-301F-11D3-BF4B-00C04F79EFBC}") = "4_Calculator", "..\4_Calculator\4_Calculator.csproj", "{ED8C9F39-89A5-428B-A3F2-20A75AF092D3}"
EndProject
Project("{FAE04EC0-301F-11D3-BF4B-00C04F79EFBC}") = "4_CalculationReview", "..\4_CalculationReview\4_CalculationReview.csproj", "{530BB4AA-939A-456F-B5C6-B6B81E25CC64}"
EndProject
Project("{FAE04EC0-301F-11D3-BF4B-00C04F79EFBC}") = "Dori01_String", "..\Dori01_String\Dori01_String.csproj", "{ED251BC3-9CC1-43DE-BF65-CB1F45907A39}"
EndProject
Project("{FAE04EC0-301F-11D3-BF4B-00C04F79EFBC}") = "Dori02_DataTypeAndOverflow", "..\Dori02_DataTypeAndOverflow\Dori02_DataTypeAndOverflow.csproj", "{93ABE696-3EF5-44DB-AA89-1C8C2A842A97}"
EndProject
Project("{FAE04EC0-301F-11D3-BF4B-00C04F79EFBC}") = "Dori03_ProgramAndMethod", "..\Dori03_ProgramAndMethod\Dori03_ProgramAndMethod.csproj", "{5ABE505D-9E44-48A4-A686-45A693F0969D}"
EndProject
Project("{FAE04EC0-301F-11D3-BF4B-00C04F79EFBC}") = "Dori05_Enum", "..\Dori05_Enum\Dori05_Enum.csproj", "{795427CD-1754-4126-8145-DCB8E80962D7}"
EndProject
Project("{FAE04EC0-301F-11D3-BF4B-00C04F79EFBC}") = "Dori07_Array", "..\Dori07_Array\Dori07_Array.csproj", "{865CC8BA-23ED-48ED-B99D-7D02761DCA3A}"
EndProject
Project("{FAE04EC0-301F-11D3-BF4B-00C04F79EFBC}") = "Dori08_Conditional", "..\Dori08_Conditional\Dori08_Conditional.csproj", "{AF7CE0E1-231B-4E0D-9B4E-6F650D7019B9}"
EndProject
Project("{FAE04EC0-301F-11D3-BF4B-00C04F79EFBC}") = "Dori09_For", "..\Dori09_For\Dori09_For.csproj", "{0DCBDAD6-8CCC-4AB8-8FFC-D91E7F489707}"
EndProject
Project("{FAE04EC0-301F-11D3-BF4B-00C04F79EFBC}") = "Dori10_while", "..\Dori10_while\Dori10_while.csproj", "{23869AA1-4E2A-40AF-9874-AB61CAAA9B2A}"
EndProject
Project("{FAE04EC0-301F-11D3-BF4B-00C04F79EFBC}") = "Dori11_Struct", "Dori11_Struct\Dori11_Struct.csproj", "{ED3DAD99-5967-4BAE-9AF5-E3F4E65DBFBD}"
EndProject
Project("{FAE04EC0-301F-11D3-BF4B-00C04F79EFBC}") = "Dori12_Class", "Dori12_Class\Dori12_Class.csproj", "{90C5FBE7-2C43-4919-A142-E782C9BA2D6A}"
EndProject
Project("{FAE04EC0-301F-11D3-BF4B-00C04F79EFBC}") = "Dori13_Inheritance", "..\Dori13_Inheritance\Dori13_Inheritance.csproj", "{844C8057-C400-4CC6-9307-D325B9B2F433}"
EndProject
Project("{FAE04EC0-301F-11D3-BF4B-00C04F79EFBC}") = "Dori15_Encapsulation", "..\Dori15_Encapsulation\Dori15_Encapsulation.csproj", "{642D4523-20F5-4482-A9E3-3F7FDCF97F3A}"
EndProject
Project("{FAE04EC0-301F-11D3-BF4B-00C04F79EFBC}") = "Dori16_StreamReader", "..\Dori16_StreamReader\Dori16_StreamReader.csproj", "{8728DD5C-4083-45BE-8EBD-23ECFAEB8B6B}"
EndProject
Project("{FAE04EC0-301F-11D3-BF4B-00C04F79EFBC}") = "Dori16_StreamReaderReivew", "..\Dori16_StreamReaderReivew\Dori16_StreamReaderReivew.csproj", "{F119ADC6-80ED-4A5E-9C49-DC5D8058735F}"
EndProject
Project("{FAE04EC0-301F-11D3-BF4B-00C04F79EFBC}") = "Dori17_XMLReader", "..\Dori_17XMLReader\Dori17_XMLReader.csproj", "{BAED728C-2573-4919-BA44-490752C70D2D}"
EndProject
Project("{FAE04EC0-301F-11D3-BF4B-00C04F79EFBC}") = "Dori18_Timer", "..\Dori18_Timer\Dori18_Timer.csproj", "{D9B089A8-3239-4142-AA4E-00EA704A7AB4}"
EndProject
Project("{FAE04EC0-301F-11D3-BF4B-00C04F79EFBC}") = "Dori19_Encryption", "..\Dori19_Encryption\Dori19_Encryption.csproj", "{1A19E7DE-65E9-41C3-B82E-FEB8B59BD49D}"
EndProject
Project("{FAE04EC0-301F-11D3-BF4B-00C04F79EFBC}") = "Dori20_StackQueue", "..\Dori20_StackQueue\Dori20_StackQueue.csproj", "{04228F5E-26C7-4EB0-87D2-B04807258955}"
EndProject
Project("{FAE04EC0-301F-11D3-BF4B-00C04F79EFBC}") = "Dori21_ListStruct", "..\Dori21_ListStruct\Dori21_ListStruct.csproj", "{B33343E5-709B-42EE-BDFE-10C13145ECFC}"
EndProject
Project("{FAE04EC0-301F-11D3-BF4B-00C04F79EFBC}") = "Dori22_Dictionary", "..\Dori22_Dictionary\Dori22_Dictionary.csproj", "{2108D3F7-E6FD-444F-9EA3-A91DBCE83BC9}"
EndProject
Project("{FAE04EC0-301F-11D3-BF4B-00C04F79EFBC}") = "Dori23_DataTableDataSet", "..\Dori23_DataTableDataSet\Dori23_DataTableDataSet.csproj", "{8670535E-B03F-423D-AC40-40B1FD879007}"
EndProject
Project("{FAE04EC0-301F-11D3-BF4B-00C04F79EFBC}") = "Dori26_Thread", "..\Dori26_Thread\Dori26_Thread.csproj", "{5F7AA0F2-E6A6-41DF-B79C-95AECDFAD9DD}"
EndProject
Project("{2150E333-8FDC-42A3-9474-1A3956D46DE8}") = "Delegate", "Delegate", "{A460A8B1-363C-4B05-9EE1-5B597A8E8D9D}"
EndProject
Project("{FAE04EC0-301F-11D3-BF4B-00C04F79EFBC}") = "01_Delegate", "..\01_Delegate\01_Delegate.csproj", "{642C83EC-B034-42B3-A207-768AAFB78047}"
EndProject
Project("{FAE04EC0-301F-11D3-BF4B-00C04F79EFBC}") = "03_Delegate", "..\03_Delegate\03_Delegate.csproj", "{5A9AD68E-52FE-4863-BA4F-D370F2BC335D}"
EndProject
Project("{FAE04EC0-301F-11D3-BF4B-00C04F79EFBC}") = "03_EventReview", "..\03_EventReview\03_EventReview.csproj", "{18476761-FA76-44E3-B927-31CD693E300F}"
EndProject
Project("{FAE04EC0-301F-11D3-BF4B-00C04F79EFBC}") = "04_Interface", "..\04_Interface\04_Interface.csproj", "{F8A6B361-2F06-463C-87DA-1C165523255A}"
EndProject
Project("{FAE04EC0-301F-11D3-BF4B-00C04F79EFBC}") = "03_EventReview2", "..\03_EventReview2\03_EventReview2.csproj", "{D22E85F8-1D9D-4A7F-9A18-1FC9F22E1DF8}"
EndProject
Project("{FAE04EC0-301F-11D3-BF4B-00C04F79EFBC}") = "05_.InterfaceEvent", "..\05_.InterfaceEvent\05_.InterfaceEvent.csproj", "{C2292D2A-01E6-4418-A6D5-EE29B1B99B6E}"
EndProject
Project("{2150E333-8FDC-42A3-9474-1A3956D46DE8}") = "Dori Review", "Dori Review", "{D7615A91-DFA4-4107-8188-72C6170484C1}"
EndProject
Project("{FAE04EC0-301F-11D3-BF4B-00C04F79EFBC}") = "Dori24_DelegateReview", "..\Dori24_DelegateReview\Dori24_DelegateReview.csproj", "{486756E5-9283-47BC-907F-1B68A6E463A2}"
EndProject
Project("{FAE04EC0-301F-11D3-BF4B-00C04F79EFBC}") = "Dori26_ThreadReview", "..\Dori27_ThreadReview\Dori26_ThreadReview.csproj", "{D7BFAF47-8639-43E1-ACAF-80BC6657C62C}"
EndProject
Project("{FAE04EC0-301F-11D3-BF4B-00C04F79EFBC}") = "Dori28_Exception", "..\Dori28_Exception\Dori28_Exception.csproj", "{6DF96C53-FB46-401A-B5DD-98C6307BF9B2}"
EndProject
Project("{FAE04EC0-301F-11D3-BF4B-00C04F79EFBC}") = "Dori28_Exception2", "..\Dori28_Exception2\Dori28_Exception2.csproj", "{B3D5FC10-C48E-4CBF-9D18-EB0E35FE4C0B}"
EndProject
Project("{FAE04EC0-301F-11D3-BF4B-00C04F79EFBC}") = "Dori29_UserControl", "Dori29_UserControl\Dori29_UserControl.csproj", "{BAFC54B5-3EEB-40BC-BFEF-F5ACC8A3176C}"
EndProject
Project("{FAE04EC0-301F-11D3-BF4B-00C04F79EFBC}") = "Dori30_Lambda", "..\Dori30_Lambda\Dori30_Lambda.csproj", "{56ACE3B4-2E8A-4094-8C65-D2E1F694CE90}"
EndProject
Project("{FAE04EC0-301F-11D3-BF4B-00C04F79EFBC}") = "Dori31_LINQ", "..\Dori31_LINQ\Dori31_LINQ.csproj", "{AA56B55F-2468-4EC7-8B2E-0D3A4A68A852}"
EndProject
Project("{FAE04EC0-301F-11D3-BF4B-00C04F79EFBC}") = "Dori50_FrameModeling", "..\Dori50_FrameModeling\Dori50_FrameModeling.csproj", "{A1E2DD86-5BA3-4410-8D89-F39600F46760}"
EndProject
Project("{FAE04EC0-301F-11D3-BF4B-00C04F79EFBC}") = "Dori0_Start", "..\Dori0_Start\Dori0_Start.csproj", "{25B8C3F2-0455-42A3-90B2-E2AD2534571B}"
EndProject
Project("{FAE04EC0-301F-11D3-BF4B-00C04F79EFBC}") = "Dori32_AssemblyVersion", "Dori32_AssemblyVersion\Dori32_AssemblyVersion.csproj", "{E596DF13-465F-4D4B-949D-0B14A5F1F46D}"
EndProject
Project("{FAE04EC0-301F-11D3-BF4B-00C04F79EFBC}") = "Dori32_Dictionary2", "Dori32_Dictionary\Dori32_Dictionary2.csproj", "{D3EA0F79-0F34-497A-B1D3-6BE21B9C8349}"
EndProject
Project("{FAE04EC0-301F-11D3-BF4B-00C04F79EFBC}") = "Dori33_DynamicLayout", "..\Dori33_DynamicLayout\Dori33_DynamicLayout.csproj", "{FB09C6A4-00E0-4651-8E9F-FC1EAB38A3B4}"
EndProject
Project("{FAE04EC0-301F-11D3-BF4B-00C04F79EFBC}") = "Dori34_LayoutEvent", "..\Dori34_LayoutEvent\Dori34_LayoutEvent.csproj", "{AE8400F8-DC0D-40DF-9C43-BEFD6D8B6421}"
EndProject
Project("{FAE04EC0-301F-11D3-BF4B-00C04F79EFBC}") = "Dori35_Coding", "..\Dor35_Coding\Dori35_Coding.csproj", "{B8EC1703-6912-4EC5-AF6B-0A745394718E}"
EndProject
Project("{FAE04EC0-301F-11D3-BF4B-00C04F79EFBC}") = "Dori36_LinkedList", "..\Dori36_LinkedList\Dori36_LinkedList.csproj", "{7B53964A-6068-4109-B4B7-F77FFF121ECE}"
EndProject
Project("{FAE04EC0-301F-11D3-BF4B-00C04F79EFBC}") = "Dori37_RecursionFunction", "..\Dori37_RecursionFunction\Dori37_RecursionFunction.csproj", "{4EF2D43B-B397-4A04-B547-92864FA2050B}"
EndProject
Project("{FAE04EC0-301F-11D3-BF4B-00C04F79EFBC}") = "Delegate Explained", "..\Delegate Explained\Delegate Explained.csproj", "{3D1FA71E-EDB6-4A9B-B607-7F530FE8906A}"
EndProject
Project("{FAE04EC0-301F-11D3-BF4B-00C04F79EFBC}") = "Dori38_Lock", "..\Dori38_Lock\Dori38_Lock.csproj", "{1DB96F49-0D83-4FD3-A5D2-A6CC6AC79940}"
EndProject
Project("{2150E333-8FDC-42A3-9474-1A3956D46DE8}") = "Dori Project", "Dori Project", "{9FF6FF00-830B-46D2-A43D-3105D455344F}"
EndProject
Project("{FAE04EC0-301F-11D3-BF4B-00C04F79EFBC}") = "Dori39_User32.dll", "..\Dori39_User32.dll\Dori39_User32.dll.csproj", "{99AD0BC6-39FB-497C-8A49-D41C4B636F14}"
EndProject
Project("{FAE04EC0-301F-11D3-BF4B-00C04F79EFBC}") = "Dori41_MenuControl", "..\Dori41_MenuControl\Dori41_MenuControl.csproj", "{A30DB885-EA48-4BD4-9E14-3CB20596F65A}"
EndProject
Project("{FAE04EC0-301F-11D3-BF4B-00C04F79EFBC}") = "Dori42_DetailofList", "..\Dori42_DetailofList\Dori42_DetailofList.csproj", "{3B05AA7B-47E5-4C42-8EC2-38B8BB3DA9EA}"
EndProject
Project("{2150E333-8FDC-42A3-9474-1A3956D46DE8}") = "Thread", "Thread", "{F3FBD166-A88D-4FFF-BD53-2F7BD012C14E}"
EndProject
Project("{FAE04EC0-301F-11D3-BF4B-00C04F79EFBC}") = "Dori26_ThreadReview0826", "..\Dori26_ThreadReview0826\Dori26_ThreadReview0826.csproj", "{7678ADA9-0201-4A38-99BF-552EEDEA736D}"
EndProject
Project("{FAE04EC0-301F-11D3-BF4B-00C04F79EFBC}") = "CSharpThread", "CSharpThread\CSharpThread.csproj", "{7DEAFDC4-E288-4190-A77F-8D9E24A9ECC4}"
EndProject
Project("{2150E333-8FDC-42A3-9474-1A3956D46DE8}") = "Async", "Async", "{60C2A665-B034-4548-9BA6-B23436DD8E2F}"
EndProject
Project("{FAE04EC0-301F-11D3-BF4B-00C04F79EFBC}") = "CSharpAsync", "..\CSharpAsync\CSharpAsync.csproj", "{3184CDA0-3170-4CC0-BD6A-1BAC063C9179}"
EndProject
Project("{FAE04EC0-301F-11D3-BF4B-00C04F79EFBC}") = "CSharpAsyncAwait", "..\CSharpAsyncAwait\CSharpAsyncAwait.csproj", "{2172F113-346D-4A17-92B4-DF9530CC0AB0}"
EndProject
Project("{FAE04EC0-301F-11D3-BF4B-00C04F79EFBC}") = "CSharpAsyncEvent", "..\CSharpAsyncEvent\CSharpAsyncEvent.csproj", "{23129A67-EC08-4659-8041-B5B42672D7CE}"
EndProject
Project("{2150E333-8FDC-42A3-9474-1A3956D46DE8}") = "Delegate Event Review", "Delegate Event Review", "{852AA339-0D9A-4E3E-A7DE-6A0858C87E7E}"
EndProject
Project("{FAE04EC0-301F-11D3-BF4B-00C04F79EFBC}") = "01DelegateEvent", "..\01DelegateEvent\01DelegateEvent.csproj", "{A916A0C5-41D4-4305-8991-029383F3A498}"
EndProject
Project("{FAE04EC0-301F-11D3-BF4B-00C04F79EFBC}") = "02DelegateEvent", "..\02DelegateEvent\02DelegateEvent.csproj", "{4FE37A78-9C90-48B9-BD8E-B127700B6A3C}"
EndProject
Project("{FAE04EC0-301F-11D3-BF4B-00C04F79EFBC}") = "03DelegateEvent", "..\03DelegateEvent\03DelegateEvent.csproj", "{8DE8FC0B-9639-4210-9DE5-44A1CA811E74}"
EndProject
Project("{FAE04EC0-301F-11D3-BF4B-00C04F79EFBC}") = "04DelegateEvent", "..\04DelegateEvent\04DelegateEvent.csproj", "{55627779-2456-4B33-9AAC-6647316BC018}"
EndProject
Project("{FAE04EC0-301F-11D3-BF4B-00C04F79EFBC}") = "05DelegateEvent", "..\05DelegateEvent\05DelegateEvent.csproj", "{00AABD3D-F3C9-4684-9EAC-AF0E6559A8D0}"
EndProject
Project("{2150E333-8FDC-42A3-9474-1A3956D46DE8}") = "Dori26Review", "Dori26Review", "{10755BCC-00C8-40C5-A889-BB8E2A4DEE49}"
EndProject
Project("{FAE04EC0-301F-11D3-BF4B-00C04F79EFBC}") = "Dori26_ThreadReview", "..\Dori26_ThreadReview\Dori26_ThreadReview.csproj", "{2102DBA3-6942-451C-A08D-F9809ECBA931}"
EndProject
Project("{FAE04EC0-301F-11D3-BF4B-00C04F79EFBC}") = "ThreadProgress", "..\ThreadProgress\ThreadProgress.csproj", "{FC5666CA-3085-4ADD-A159-9BC891A9C06F}"
EndProject
Project("{FAE04EC0-301F-11D3-BF4B-00C04F79EFBC}") = "CSharpMultiThreading", "..\CSharpMultiThreading\CSharpMultiThreading.csproj", "{090B0C57-1E53-4247-A00A-2F01CEB25C82}"
EndProject
Project("{FAE04EC0-301F-11D3-BF4B-00C04F79EFBC}") = "CSharpAsyncAswaitFromIAmTimCorey", "..\CSharpAsyncAswaitFromIAmTimCorey\CSharpAsyncAswaitFromIAmTimCorey.csproj", "{CF12C478-AC87-4687-9298-1F665647E740}"
EndProject
Project("{FAE04EC0-301F-11D3-BF4B-00C04F79EFBC}") = "AsyncAwaitCSharp", "..\AsyncAwaitCSharp\AsyncAwaitCSharp.csproj", "{937FCCB8-41E2-4D88-89FE-6AD1D8880929}"
EndProject
Project("{2150E333-8FDC-42A3-9474-1A3956D46DE8}") = "Best Practice", "Best Practice", "{7E8F2357-70CE-4764-866A-04F2452E379F}"
EndProject
Project("{FAE04EC0-301F-11D3-BF4B-00C04F79EFBC}") = "LogProject", "..\LogProject\LogProject.csproj", "{545BC159-E2E4-4D75-A4A0-E09AAF2BDDA9}"
EndProject
Project("{2150E333-8FDC-42A3-9474-1A3956D46DE8}") = "Async", "Async", "{20A04CC0-F63E-4300-BC54-78962A394ECA}"
EndProject
Project("{FAE04EC0-301F-11D3-BF4B-00C04F79EFBC}") = "EasyWayToUnderstandAsyncMethod", "EasyWayToUnderstandAsyncMethod\EasyWayToUnderstandAsyncMethod.csproj", "{459E1309-E700-4024-904C-E4AC72E89F28}"
EndProject
Project("{FAE04EC0-301F-11D3-BF4B-00C04F79EFBC}") = "AsyncAwaitExcerise0908", "AsyncAwaitExcerise0908\AsyncAwaitExcerise0908.csproj", "{CF41D214-FC44-4FDC-A9F8-586EC1E47921}"
EndProject
Project("{FAE04EC0-301F-11D3-BF4B-00C04F79EFBC}") = "DisposeAndNullAndThread", "DisposeAndNullAndThread\DisposeAndNullAndThread.csproj", "{DEC39A0E-5CC6-4580-B06B-5BDB4B0C9A6E}"
EndProject
Project("{FAE04EC0-301F-11D3-BF4B-00C04F79EFBC}") = "AsyncAwait220915", "AsyncAwait220915\AsyncAwait220915.csproj", "{93FA958A-E0CE-436B-9131-AEAFEF369BEF}"
EndProject
Project("{FAE04EC0-301F-11D3-BF4B-00C04F79EFBC}") = "AsyncAwait220916", "AsyncAwait220916\AsyncAwait220916.csproj", "{A2E8AF79-6CE2-4C1F-AF89-DD0633E878EA}"
EndProject
Project("{2150E333-8FDC-42A3-9474-1A3956D46DE8}") = "DateTime", "DateTime", "{184ACF00-2013-4606-B94B-6F706312CAC0}"
EndProject
Project("{FAE04EC0-301F-11D3-BF4B-00C04F79EFBC}") = "DateTimeExample", "DateTime\DateTimeExample.csproj", "{4DEC71C5-B329-4053-90F5-4ABD6FEDCC4C}"
EndProject
Project("{2150E333-8FDC-42A3-9474-1A3956D46DE8}") = "Middle Class Ian", "Middle Class Ian", "{519C18A7-977B-457D-9F25-2279C45F7B57}"
EndProject
Project("{FAE04EC0-301F-11D3-BF4B-00C04F79EFBC}") = "Event Memoy Example", "Event Memoy Example\Event Memoy Example.csproj", "{030AC885-6C10-4ECD-8349-39806DD4C631}"
EndProject
Project("{FAE04EC0-301F-11D3-BF4B-00C04F79EFBC}") = "TaskReview", "TaskReview\TaskReview.csproj", "{43622F5E-FFA5-49CD-A02F-9F17F95CD500}"
EndProject
Project("{FAE04EC0-301F-11D3-BF4B-00C04F79EFBC}") = "TryCatchExample", "TryCatchExample\TryCatchExample.csproj", "{D446C956-4861-45D3-B320-075E9FE52CCA}"
EndProject
Project("{FAE04EC0-301F-11D3-BF4B-00C04F79EFBC}") = "TaskTokenCancelation", "TaskTokenCancelation\TaskTokenCancelation.csproj", "{5F3288A2-62A7-4006-891E-FBDBE61C0618}"
EndProject
Project("{FAE04EC0-301F-11D3-BF4B-00C04F79EFBC}") = "FontComboBox", "FontComboBox\FontComboBox.csproj", "{29D379E0-1AC1-4973-AA73-7F83C91D462C}"
EndProject
Project("{FAE04EC0-301F-11D3-BF4B-00C04F79EFBC}") = "DeleteFileForlder", "DeleteFileForlder\DeleteFileForlder.csproj", "{CFBE74FD-C7E9-4274-9B50-C82085CF58F3}"
EndProject
Project("{FAE04EC0-301F-11D3-BF4B-00C04F79EFBC}") = "iTextPdf Example", "iTextPdf Example\iTextPdf Example.csproj", "{3C9AB42A-EE85-47E3-ADFE-81DEE0DD6834}"
EndProject
Project("{FAE04EC0-301F-11D3-BF4B-00C04F79EFBC}") = "USBConnection", "USBConnection\USBConnection.csproj", "{5CB30C17-CE66-49A6-94D8-38C54C388646}"
EndProject
Project("{FAE04EC0-301F-11D3-BF4B-00C04F79EFBC}") = "TaskPractice", "TaskPractice\TaskPractice.csproj", "{A8E633C0-18F8-4929-9482-991A94A4B848}"
EndProject
Project("{FAE04EC0-301F-11D3-BF4B-00C04F79EFBC}") = "PanelUITest", "PanelUITest\PanelUITest.csproj", "{5A45FE32-337C-4310-BA8E-2129FDE67CED}"
EndProject
Project("{FAE04EC0-301F-11D3-BF4B-00C04F79EFBC}") = "Language Example", "Language Example\Language Example.csproj", "{6B212729-FAA9-46FE-A5AD-EB353EAA7405}"
EndProject
Global
	GlobalSection(SolutionConfigurationPlatforms) = preSolution
		Debug|Any CPU = Debug|Any CPU
		Release|Any CPU = Release|Any CPU
	EndGlobalSection
	GlobalSection(ProjectConfigurationPlatforms) = postSolution
		{ED8C9F39-89A5-428B-A3F2-20A75AF092D3}.Debug|Any CPU.ActiveCfg = Debug|Any CPU
		{ED8C9F39-89A5-428B-A3F2-20A75AF092D3}.Debug|Any CPU.Build.0 = Debug|Any CPU
		{ED8C9F39-89A5-428B-A3F2-20A75AF092D3}.Release|Any CPU.ActiveCfg = Release|Any CPU
		{ED8C9F39-89A5-428B-A3F2-20A75AF092D3}.Release|Any CPU.Build.0 = Release|Any CPU
		{530BB4AA-939A-456F-B5C6-B6B81E25CC64}.Debug|Any CPU.ActiveCfg = Debug|Any CPU
		{530BB4AA-939A-456F-B5C6-B6B81E25CC64}.Debug|Any CPU.Build.0 = Debug|Any CPU
		{530BB4AA-939A-456F-B5C6-B6B81E25CC64}.Release|Any CPU.ActiveCfg = Release|Any CPU
		{530BB4AA-939A-456F-B5C6-B6B81E25CC64}.Release|Any CPU.Build.0 = Release|Any CPU
		{ED251BC3-9CC1-43DE-BF65-CB1F45907A39}.Debug|Any CPU.ActiveCfg = Debug|Any CPU
		{ED251BC3-9CC1-43DE-BF65-CB1F45907A39}.Debug|Any CPU.Build.0 = Debug|Any CPU
		{ED251BC3-9CC1-43DE-BF65-CB1F45907A39}.Release|Any CPU.ActiveCfg = Release|Any CPU
		{ED251BC3-9CC1-43DE-BF65-CB1F45907A39}.Release|Any CPU.Build.0 = Release|Any CPU
		{93ABE696-3EF5-44DB-AA89-1C8C2A842A97}.Debug|Any CPU.ActiveCfg = Debug|Any CPU
		{93ABE696-3EF5-44DB-AA89-1C8C2A842A97}.Debug|Any CPU.Build.0 = Debug|Any CPU
		{93ABE696-3EF5-44DB-AA89-1C8C2A842A97}.Release|Any CPU.ActiveCfg = Release|Any CPU
		{93ABE696-3EF5-44DB-AA89-1C8C2A842A97}.Release|Any CPU.Build.0 = Release|Any CPU
		{5ABE505D-9E44-48A4-A686-45A693F0969D}.Debug|Any CPU.ActiveCfg = Debug|Any CPU
		{5ABE505D-9E44-48A4-A686-45A693F0969D}.Debug|Any CPU.Build.0 = Debug|Any CPU
		{5ABE505D-9E44-48A4-A686-45A693F0969D}.Release|Any CPU.ActiveCfg = Release|Any CPU
		{5ABE505D-9E44-48A4-A686-45A693F0969D}.Release|Any CPU.Build.0 = Release|Any CPU
		{795427CD-1754-4126-8145-DCB8E80962D7}.Debug|Any CPU.ActiveCfg = Debug|Any CPU
		{795427CD-1754-4126-8145-DCB8E80962D7}.Debug|Any CPU.Build.0 = Debug|Any CPU
		{795427CD-1754-4126-8145-DCB8E80962D7}.Release|Any CPU.ActiveCfg = Release|Any CPU
		{795427CD-1754-4126-8145-DCB8E80962D7}.Release|Any CPU.Build.0 = Release|Any CPU
		{865CC8BA-23ED-48ED-B99D-7D02761DCA3A}.Debug|Any CPU.ActiveCfg = Debug|Any CPU
		{865CC8BA-23ED-48ED-B99D-7D02761DCA3A}.Debug|Any CPU.Build.0 = Debug|Any CPU
		{865CC8BA-23ED-48ED-B99D-7D02761DCA3A}.Release|Any CPU.ActiveCfg = Release|Any CPU
		{865CC8BA-23ED-48ED-B99D-7D02761DCA3A}.Release|Any CPU.Build.0 = Release|Any CPU
		{AF7CE0E1-231B-4E0D-9B4E-6F650D7019B9}.Debug|Any CPU.ActiveCfg = Debug|Any CPU
		{AF7CE0E1-231B-4E0D-9B4E-6F650D7019B9}.Debug|Any CPU.Build.0 = Debug|Any CPU
		{AF7CE0E1-231B-4E0D-9B4E-6F650D7019B9}.Release|Any CPU.ActiveCfg = Release|Any CPU
		{AF7CE0E1-231B-4E0D-9B4E-6F650D7019B9}.Release|Any CPU.Build.0 = Release|Any CPU
		{0DCBDAD6-8CCC-4AB8-8FFC-D91E7F489707}.Debug|Any CPU.ActiveCfg = Debug|Any CPU
		{0DCBDAD6-8CCC-4AB8-8FFC-D91E7F489707}.Debug|Any CPU.Build.0 = Debug|Any CPU
		{0DCBDAD6-8CCC-4AB8-8FFC-D91E7F489707}.Release|Any CPU.ActiveCfg = Release|Any CPU
		{0DCBDAD6-8CCC-4AB8-8FFC-D91E7F489707}.Release|Any CPU.Build.0 = Release|Any CPU
		{23869AA1-4E2A-40AF-9874-AB61CAAA9B2A}.Debug|Any CPU.ActiveCfg = Debug|Any CPU
		{23869AA1-4E2A-40AF-9874-AB61CAAA9B2A}.Debug|Any CPU.Build.0 = Debug|Any CPU
		{23869AA1-4E2A-40AF-9874-AB61CAAA9B2A}.Release|Any CPU.ActiveCfg = Release|Any CPU
		{23869AA1-4E2A-40AF-9874-AB61CAAA9B2A}.Release|Any CPU.Build.0 = Release|Any CPU
		{ED3DAD99-5967-4BAE-9AF5-E3F4E65DBFBD}.Debug|Any CPU.ActiveCfg = Debug|Any CPU
		{ED3DAD99-5967-4BAE-9AF5-E3F4E65DBFBD}.Debug|Any CPU.Build.0 = Debug|Any CPU
		{ED3DAD99-5967-4BAE-9AF5-E3F4E65DBFBD}.Release|Any CPU.ActiveCfg = Release|Any CPU
		{ED3DAD99-5967-4BAE-9AF5-E3F4E65DBFBD}.Release|Any CPU.Build.0 = Release|Any CPU
		{90C5FBE7-2C43-4919-A142-E782C9BA2D6A}.Debug|Any CPU.ActiveCfg = Debug|Any CPU
		{90C5FBE7-2C43-4919-A142-E782C9BA2D6A}.Debug|Any CPU.Build.0 = Debug|Any CPU
		{90C5FBE7-2C43-4919-A142-E782C9BA2D6A}.Release|Any CPU.ActiveCfg = Release|Any CPU
		{90C5FBE7-2C43-4919-A142-E782C9BA2D6A}.Release|Any CPU.Build.0 = Release|Any CPU
		{844C8057-C400-4CC6-9307-D325B9B2F433}.Debug|Any CPU.ActiveCfg = Debug|Any CPU
		{844C8057-C400-4CC6-9307-D325B9B2F433}.Debug|Any CPU.Build.0 = Debug|Any CPU
		{844C8057-C400-4CC6-9307-D325B9B2F433}.Release|Any CPU.ActiveCfg = Release|Any CPU
		{844C8057-C400-4CC6-9307-D325B9B2F433}.Release|Any CPU.Build.0 = Release|Any CPU
		{642D4523-20F5-4482-A9E3-3F7FDCF97F3A}.Debug|Any CPU.ActiveCfg = Debug|Any CPU
		{642D4523-20F5-4482-A9E3-3F7FDCF97F3A}.Debug|Any CPU.Build.0 = Debug|Any CPU
		{642D4523-20F5-4482-A9E3-3F7FDCF97F3A}.Release|Any CPU.ActiveCfg = Release|Any CPU
		{642D4523-20F5-4482-A9E3-3F7FDCF97F3A}.Release|Any CPU.Build.0 = Release|Any CPU
		{8728DD5C-4083-45BE-8EBD-23ECFAEB8B6B}.Debug|Any CPU.ActiveCfg = Debug|Any CPU
		{8728DD5C-4083-45BE-8EBD-23ECFAEB8B6B}.Debug|Any CPU.Build.0 = Debug|Any CPU
		{8728DD5C-4083-45BE-8EBD-23ECFAEB8B6B}.Release|Any CPU.ActiveCfg = Release|Any CPU
		{8728DD5C-4083-45BE-8EBD-23ECFAEB8B6B}.Release|Any CPU.Build.0 = Release|Any CPU
		{F119ADC6-80ED-4A5E-9C49-DC5D8058735F}.Debug|Any CPU.ActiveCfg = Debug|Any CPU
		{F119ADC6-80ED-4A5E-9C49-DC5D8058735F}.Debug|Any CPU.Build.0 = Debug|Any CPU
		{F119ADC6-80ED-4A5E-9C49-DC5D8058735F}.Release|Any CPU.ActiveCfg = Release|Any CPU
		{F119ADC6-80ED-4A5E-9C49-DC5D8058735F}.Release|Any CPU.Build.0 = Release|Any CPU
		{BAED728C-2573-4919-BA44-490752C70D2D}.Debug|Any CPU.ActiveCfg = Debug|Any CPU
		{BAED728C-2573-4919-BA44-490752C70D2D}.Debug|Any CPU.Build.0 = Debug|Any CPU
		{BAED728C-2573-4919-BA44-490752C70D2D}.Release|Any CPU.ActiveCfg = Release|Any CPU
		{BAED728C-2573-4919-BA44-490752C70D2D}.Release|Any CPU.Build.0 = Release|Any CPU
		{D9B089A8-3239-4142-AA4E-00EA704A7AB4}.Debug|Any CPU.ActiveCfg = Debug|Any CPU
		{D9B089A8-3239-4142-AA4E-00EA704A7AB4}.Debug|Any CPU.Build.0 = Debug|Any CPU
		{D9B089A8-3239-4142-AA4E-00EA704A7AB4}.Release|Any CPU.ActiveCfg = Release|Any CPU
		{D9B089A8-3239-4142-AA4E-00EA704A7AB4}.Release|Any CPU.Build.0 = Release|Any CPU
		{1A19E7DE-65E9-41C3-B82E-FEB8B59BD49D}.Debug|Any CPU.ActiveCfg = Debug|Any CPU
		{1A19E7DE-65E9-41C3-B82E-FEB8B59BD49D}.Debug|Any CPU.Build.0 = Debug|Any CPU
		{1A19E7DE-65E9-41C3-B82E-FEB8B59BD49D}.Release|Any CPU.ActiveCfg = Release|Any CPU
		{1A19E7DE-65E9-41C3-B82E-FEB8B59BD49D}.Release|Any CPU.Build.0 = Release|Any CPU
		{04228F5E-26C7-4EB0-87D2-B04807258955}.Debug|Any CPU.ActiveCfg = Debug|Any CPU
		{04228F5E-26C7-4EB0-87D2-B04807258955}.Debug|Any CPU.Build.0 = Debug|Any CPU
		{04228F5E-26C7-4EB0-87D2-B04807258955}.Release|Any CPU.ActiveCfg = Release|Any CPU
		{04228F5E-26C7-4EB0-87D2-B04807258955}.Release|Any CPU.Build.0 = Release|Any CPU
		{B33343E5-709B-42EE-BDFE-10C13145ECFC}.Debug|Any CPU.ActiveCfg = Debug|Any CPU
		{B33343E5-709B-42EE-BDFE-10C13145ECFC}.Debug|Any CPU.Build.0 = Debug|Any CPU
		{B33343E5-709B-42EE-BDFE-10C13145ECFC}.Release|Any CPU.ActiveCfg = Release|Any CPU
		{B33343E5-709B-42EE-BDFE-10C13145ECFC}.Release|Any CPU.Build.0 = Release|Any CPU
		{2108D3F7-E6FD-444F-9EA3-A91DBCE83BC9}.Debug|Any CPU.ActiveCfg = Debug|Any CPU
		{2108D3F7-E6FD-444F-9EA3-A91DBCE83BC9}.Debug|Any CPU.Build.0 = Debug|Any CPU
		{2108D3F7-E6FD-444F-9EA3-A91DBCE83BC9}.Release|Any CPU.ActiveCfg = Release|Any CPU
		{2108D3F7-E6FD-444F-9EA3-A91DBCE83BC9}.Release|Any CPU.Build.0 = Release|Any CPU
		{8670535E-B03F-423D-AC40-40B1FD879007}.Debug|Any CPU.ActiveCfg = Debug|Any CPU
		{8670535E-B03F-423D-AC40-40B1FD879007}.Debug|Any CPU.Build.0 = Debug|Any CPU
		{8670535E-B03F-423D-AC40-40B1FD879007}.Release|Any CPU.ActiveCfg = Release|Any CPU
		{8670535E-B03F-423D-AC40-40B1FD879007}.Release|Any CPU.Build.0 = Release|Any CPU
		{5F7AA0F2-E6A6-41DF-B79C-95AECDFAD9DD}.Debug|Any CPU.ActiveCfg = Debug|Any CPU
		{5F7AA0F2-E6A6-41DF-B79C-95AECDFAD9DD}.Debug|Any CPU.Build.0 = Debug|Any CPU
		{5F7AA0F2-E6A6-41DF-B79C-95AECDFAD9DD}.Release|Any CPU.ActiveCfg = Release|Any CPU
		{5F7AA0F2-E6A6-41DF-B79C-95AECDFAD9DD}.Release|Any CPU.Build.0 = Release|Any CPU
		{642C83EC-B034-42B3-A207-768AAFB78047}.Debug|Any CPU.ActiveCfg = Debug|Any CPU
		{642C83EC-B034-42B3-A207-768AAFB78047}.Debug|Any CPU.Build.0 = Debug|Any CPU
		{642C83EC-B034-42B3-A207-768AAFB78047}.Release|Any CPU.ActiveCfg = Release|Any CPU
		{642C83EC-B034-42B3-A207-768AAFB78047}.Release|Any CPU.Build.0 = Release|Any CPU
		{5A9AD68E-52FE-4863-BA4F-D370F2BC335D}.Debug|Any CPU.ActiveCfg = Debug|Any CPU
		{5A9AD68E-52FE-4863-BA4F-D370F2BC335D}.Debug|Any CPU.Build.0 = Debug|Any CPU
		{5A9AD68E-52FE-4863-BA4F-D370F2BC335D}.Release|Any CPU.ActiveCfg = Release|Any CPU
		{5A9AD68E-52FE-4863-BA4F-D370F2BC335D}.Release|Any CPU.Build.0 = Release|Any CPU
		{18476761-FA76-44E3-B927-31CD693E300F}.Debug|Any CPU.ActiveCfg = Debug|Any CPU
		{18476761-FA76-44E3-B927-31CD693E300F}.Debug|Any CPU.Build.0 = Debug|Any CPU
		{18476761-FA76-44E3-B927-31CD693E300F}.Release|Any CPU.ActiveCfg = Release|Any CPU
		{18476761-FA76-44E3-B927-31CD693E300F}.Release|Any CPU.Build.0 = Release|Any CPU
		{F8A6B361-2F06-463C-87DA-1C165523255A}.Debug|Any CPU.ActiveCfg = Debug|Any CPU
		{F8A6B361-2F06-463C-87DA-1C165523255A}.Debug|Any CPU.Build.0 = Debug|Any CPU
		{F8A6B361-2F06-463C-87DA-1C165523255A}.Release|Any CPU.ActiveCfg = Release|Any CPU
		{F8A6B361-2F06-463C-87DA-1C165523255A}.Release|Any CPU.Build.0 = Release|Any CPU
		{D22E85F8-1D9D-4A7F-9A18-1FC9F22E1DF8}.Debug|Any CPU.ActiveCfg = Debug|Any CPU
		{D22E85F8-1D9D-4A7F-9A18-1FC9F22E1DF8}.Debug|Any CPU.Build.0 = Debug|Any CPU
		{D22E85F8-1D9D-4A7F-9A18-1FC9F22E1DF8}.Release|Any CPU.ActiveCfg = Release|Any CPU
		{D22E85F8-1D9D-4A7F-9A18-1FC9F22E1DF8}.Release|Any CPU.Build.0 = Release|Any CPU
		{C2292D2A-01E6-4418-A6D5-EE29B1B99B6E}.Debug|Any CPU.ActiveCfg = Debug|Any CPU
		{C2292D2A-01E6-4418-A6D5-EE29B1B99B6E}.Debug|Any CPU.Build.0 = Debug|Any CPU
		{C2292D2A-01E6-4418-A6D5-EE29B1B99B6E}.Release|Any CPU.ActiveCfg = Release|Any CPU
		{C2292D2A-01E6-4418-A6D5-EE29B1B99B6E}.Release|Any CPU.Build.0 = Release|Any CPU
		{486756E5-9283-47BC-907F-1B68A6E463A2}.Debug|Any CPU.ActiveCfg = Debug|Any CPU
		{486756E5-9283-47BC-907F-1B68A6E463A2}.Debug|Any CPU.Build.0 = Debug|Any CPU
		{486756E5-9283-47BC-907F-1B68A6E463A2}.Release|Any CPU.ActiveCfg = Release|Any CPU
		{486756E5-9283-47BC-907F-1B68A6E463A2}.Release|Any CPU.Build.0 = Release|Any CPU
		{D7BFAF47-8639-43E1-ACAF-80BC6657C62C}.Debug|Any CPU.ActiveCfg = Debug|Any CPU
		{D7BFAF47-8639-43E1-ACAF-80BC6657C62C}.Debug|Any CPU.Build.0 = Debug|Any CPU
		{D7BFAF47-8639-43E1-ACAF-80BC6657C62C}.Release|Any CPU.ActiveCfg = Release|Any CPU
		{D7BFAF47-8639-43E1-ACAF-80BC6657C62C}.Release|Any CPU.Build.0 = Release|Any CPU
		{6DF96C53-FB46-401A-B5DD-98C6307BF9B2}.Debug|Any CPU.ActiveCfg = Debug|Any CPU
		{6DF96C53-FB46-401A-B5DD-98C6307BF9B2}.Debug|Any CPU.Build.0 = Debug|Any CPU
		{6DF96C53-FB46-401A-B5DD-98C6307BF9B2}.Release|Any CPU.ActiveCfg = Release|Any CPU
		{6DF96C53-FB46-401A-B5DD-98C6307BF9B2}.Release|Any CPU.Build.0 = Release|Any CPU
		{B3D5FC10-C48E-4CBF-9D18-EB0E35FE4C0B}.Debug|Any CPU.ActiveCfg = Debug|Any CPU
		{B3D5FC10-C48E-4CBF-9D18-EB0E35FE4C0B}.Debug|Any CPU.Build.0 = Debug|Any CPU
		{B3D5FC10-C48E-4CBF-9D18-EB0E35FE4C0B}.Release|Any CPU.ActiveCfg = Release|Any CPU
		{B3D5FC10-C48E-4CBF-9D18-EB0E35FE4C0B}.Release|Any CPU.Build.0 = Release|Any CPU
		{BAFC54B5-3EEB-40BC-BFEF-F5ACC8A3176C}.Debug|Any CPU.ActiveCfg = Debug|Any CPU
		{BAFC54B5-3EEB-40BC-BFEF-F5ACC8A3176C}.Debug|Any CPU.Build.0 = Debug|Any CPU
		{BAFC54B5-3EEB-40BC-BFEF-F5ACC8A3176C}.Release|Any CPU.ActiveCfg = Release|Any CPU
		{BAFC54B5-3EEB-40BC-BFEF-F5ACC8A3176C}.Release|Any CPU.Build.0 = Release|Any CPU
		{56ACE3B4-2E8A-4094-8C65-D2E1F694CE90}.Debug|Any CPU.ActiveCfg = Debug|Any CPU
		{56ACE3B4-2E8A-4094-8C65-D2E1F694CE90}.Debug|Any CPU.Build.0 = Debug|Any CPU
		{56ACE3B4-2E8A-4094-8C65-D2E1F694CE90}.Release|Any CPU.ActiveCfg = Release|Any CPU
		{56ACE3B4-2E8A-4094-8C65-D2E1F694CE90}.Release|Any CPU.Build.0 = Release|Any CPU
		{AA56B55F-2468-4EC7-8B2E-0D3A4A68A852}.Debug|Any CPU.ActiveCfg = Debug|Any CPU
		{AA56B55F-2468-4EC7-8B2E-0D3A4A68A852}.Debug|Any CPU.Build.0 = Debug|Any CPU
		{AA56B55F-2468-4EC7-8B2E-0D3A4A68A852}.Release|Any CPU.ActiveCfg = Release|Any CPU
		{AA56B55F-2468-4EC7-8B2E-0D3A4A68A852}.Release|Any CPU.Build.0 = Release|Any CPU
		{A1E2DD86-5BA3-4410-8D89-F39600F46760}.Debug|Any CPU.ActiveCfg = Debug|Any CPU
		{A1E2DD86-5BA3-4410-8D89-F39600F46760}.Debug|Any CPU.Build.0 = Debug|Any CPU
		{A1E2DD86-5BA3-4410-8D89-F39600F46760}.Release|Any CPU.ActiveCfg = Release|Any CPU
		{A1E2DD86-5BA3-4410-8D89-F39600F46760}.Release|Any CPU.Build.0 = Release|Any CPU
		{25B8C3F2-0455-42A3-90B2-E2AD2534571B}.Debug|Any CPU.ActiveCfg = Debug|Any CPU
		{25B8C3F2-0455-42A3-90B2-E2AD2534571B}.Debug|Any CPU.Build.0 = Debug|Any CPU
		{25B8C3F2-0455-42A3-90B2-E2AD2534571B}.Release|Any CPU.ActiveCfg = Release|Any CPU
		{25B8C3F2-0455-42A3-90B2-E2AD2534571B}.Release|Any CPU.Build.0 = Release|Any CPU
		{E596DF13-465F-4D4B-949D-0B14A5F1F46D}.Debug|Any CPU.ActiveCfg = Debug|Any CPU
		{E596DF13-465F-4D4B-949D-0B14A5F1F46D}.Debug|Any CPU.Build.0 = Debug|Any CPU
		{E596DF13-465F-4D4B-949D-0B14A5F1F46D}.Release|Any CPU.ActiveCfg = Release|Any CPU
		{E596DF13-465F-4D4B-949D-0B14A5F1F46D}.Release|Any CPU.Build.0 = Release|Any CPU
		{D3EA0F79-0F34-497A-B1D3-6BE21B9C8349}.Debug|Any CPU.ActiveCfg = Debug|Any CPU
		{D3EA0F79-0F34-497A-B1D3-6BE21B9C8349}.Debug|Any CPU.Build.0 = Debug|Any CPU
		{D3EA0F79-0F34-497A-B1D3-6BE21B9C8349}.Release|Any CPU.ActiveCfg = Release|Any CPU
		{D3EA0F79-0F34-497A-B1D3-6BE21B9C8349}.Release|Any CPU.Build.0 = Release|Any CPU
		{FB09C6A4-00E0-4651-8E9F-FC1EAB38A3B4}.Debug|Any CPU.ActiveCfg = Debug|Any CPU
		{FB09C6A4-00E0-4651-8E9F-FC1EAB38A3B4}.Debug|Any CPU.Build.0 = Debug|Any CPU
		{FB09C6A4-00E0-4651-8E9F-FC1EAB38A3B4}.Release|Any CPU.ActiveCfg = Release|Any CPU
		{FB09C6A4-00E0-4651-8E9F-FC1EAB38A3B4}.Release|Any CPU.Build.0 = Release|Any CPU
		{AE8400F8-DC0D-40DF-9C43-BEFD6D8B6421}.Debug|Any CPU.ActiveCfg = Debug|Any CPU
		{AE8400F8-DC0D-40DF-9C43-BEFD6D8B6421}.Debug|Any CPU.Build.0 = Debug|Any CPU
		{AE8400F8-DC0D-40DF-9C43-BEFD6D8B6421}.Release|Any CPU.ActiveCfg = Release|Any CPU
		{AE8400F8-DC0D-40DF-9C43-BEFD6D8B6421}.Release|Any CPU.Build.0 = Release|Any CPU
		{B8EC1703-6912-4EC5-AF6B-0A745394718E}.Debug|Any CPU.ActiveCfg = Debug|Any CPU
		{B8EC1703-6912-4EC5-AF6B-0A745394718E}.Debug|Any CPU.Build.0 = Debug|Any CPU
		{B8EC1703-6912-4EC5-AF6B-0A745394718E}.Release|Any CPU.ActiveCfg = Release|Any CPU
		{B8EC1703-6912-4EC5-AF6B-0A745394718E}.Release|Any CPU.Build.0 = Release|Any CPU
		{7B53964A-6068-4109-B4B7-F77FFF121ECE}.Debug|Any CPU.ActiveCfg = Debug|Any CPU
		{7B53964A-6068-4109-B4B7-F77FFF121ECE}.Debug|Any CPU.Build.0 = Debug|Any CPU
		{7B53964A-6068-4109-B4B7-F77FFF121ECE}.Release|Any CPU.ActiveCfg = Release|Any CPU
		{7B53964A-6068-4109-B4B7-F77FFF121ECE}.Release|Any CPU.Build.0 = Release|Any CPU
		{4EF2D43B-B397-4A04-B547-92864FA2050B}.Debug|Any CPU.ActiveCfg = Debug|Any CPU
		{4EF2D43B-B397-4A04-B547-92864FA2050B}.Debug|Any CPU.Build.0 = Debug|Any CPU
		{4EF2D43B-B397-4A04-B547-92864FA2050B}.Release|Any CPU.ActiveCfg = Release|Any CPU
		{4EF2D43B-B397-4A04-B547-92864FA2050B}.Release|Any CPU.Build.0 = Release|Any CPU
		{3D1FA71E-EDB6-4A9B-B607-7F530FE8906A}.Debug|Any CPU.ActiveCfg = Debug|Any CPU
		{3D1FA71E-EDB6-4A9B-B607-7F530FE8906A}.Debug|Any CPU.Build.0 = Debug|Any CPU
		{3D1FA71E-EDB6-4A9B-B607-7F530FE8906A}.Release|Any CPU.ActiveCfg = Release|Any CPU
		{3D1FA71E-EDB6-4A9B-B607-7F530FE8906A}.Release|Any CPU.Build.0 = Release|Any CPU
		{1DB96F49-0D83-4FD3-A5D2-A6CC6AC79940}.Debug|Any CPU.ActiveCfg = Debug|Any CPU
		{1DB96F49-0D83-4FD3-A5D2-A6CC6AC79940}.Debug|Any CPU.Build.0 = Debug|Any CPU
		{1DB96F49-0D83-4FD3-A5D2-A6CC6AC79940}.Release|Any CPU.ActiveCfg = Release|Any CPU
		{1DB96F49-0D83-4FD3-A5D2-A6CC6AC79940}.Release|Any CPU.Build.0 = Release|Any CPU
		{99AD0BC6-39FB-497C-8A49-D41C4B636F14}.Debug|Any CPU.ActiveCfg = Debug|Any CPU
		{99AD0BC6-39FB-497C-8A49-D41C4B636F14}.Debug|Any CPU.Build.0 = Debug|Any CPU
		{99AD0BC6-39FB-497C-8A49-D41C4B636F14}.Release|Any CPU.ActiveCfg = Release|Any CPU
		{99AD0BC6-39FB-497C-8A49-D41C4B636F14}.Release|Any CPU.Build.0 = Release|Any CPU
		{A30DB885-EA48-4BD4-9E14-3CB20596F65A}.Debug|Any CPU.ActiveCfg = Debug|Any CPU
		{A30DB885-EA48-4BD4-9E14-3CB20596F65A}.Debug|Any CPU.Build.0 = Debug|Any CPU
		{A30DB885-EA48-4BD4-9E14-3CB20596F65A}.Release|Any CPU.ActiveCfg = Release|Any CPU
		{A30DB885-EA48-4BD4-9E14-3CB20596F65A}.Release|Any CPU.Build.0 = Release|Any CPU
		{3B05AA7B-47E5-4C42-8EC2-38B8BB3DA9EA}.Debug|Any CPU.ActiveCfg = Debug|Any CPU
		{3B05AA7B-47E5-4C42-8EC2-38B8BB3DA9EA}.Debug|Any CPU.Build.0 = Debug|Any CPU
		{3B05AA7B-47E5-4C42-8EC2-38B8BB3DA9EA}.Release|Any CPU.ActiveCfg = Release|Any CPU
		{3B05AA7B-47E5-4C42-8EC2-38B8BB3DA9EA}.Release|Any CPU.Build.0 = Release|Any CPU
		{7678ADA9-0201-4A38-99BF-552EEDEA736D}.Debug|Any CPU.ActiveCfg = Debug|Any CPU
		{7678ADA9-0201-4A38-99BF-552EEDEA736D}.Debug|Any CPU.Build.0 = Debug|Any CPU
		{7678ADA9-0201-4A38-99BF-552EEDEA736D}.Release|Any CPU.ActiveCfg = Release|Any CPU
		{7678ADA9-0201-4A38-99BF-552EEDEA736D}.Release|Any CPU.Build.0 = Release|Any CPU
		{7DEAFDC4-E288-4190-A77F-8D9E24A9ECC4}.Debug|Any CPU.ActiveCfg = Debug|Any CPU
		{7DEAFDC4-E288-4190-A77F-8D9E24A9ECC4}.Debug|Any CPU.Build.0 = Debug|Any CPU
		{7DEAFDC4-E288-4190-A77F-8D9E24A9ECC4}.Release|Any CPU.ActiveCfg = Release|Any CPU
		{7DEAFDC4-E288-4190-A77F-8D9E24A9ECC4}.Release|Any CPU.Build.0 = Release|Any CPU
		{3184CDA0-3170-4CC0-BD6A-1BAC063C9179}.Debug|Any CPU.ActiveCfg = Debug|Any CPU
		{3184CDA0-3170-4CC0-BD6A-1BAC063C9179}.Debug|Any CPU.Build.0 = Debug|Any CPU
		{3184CDA0-3170-4CC0-BD6A-1BAC063C9179}.Release|Any CPU.ActiveCfg = Release|Any CPU
		{3184CDA0-3170-4CC0-BD6A-1BAC063C9179}.Release|Any CPU.Build.0 = Release|Any CPU
		{2172F113-346D-4A17-92B4-DF9530CC0AB0}.Debug|Any CPU.ActiveCfg = Debug|Any CPU
		{2172F113-346D-4A17-92B4-DF9530CC0AB0}.Debug|Any CPU.Build.0 = Debug|Any CPU
		{2172F113-346D-4A17-92B4-DF9530CC0AB0}.Release|Any CPU.ActiveCfg = Release|Any CPU
		{2172F113-346D-4A17-92B4-DF9530CC0AB0}.Release|Any CPU.Build.0 = Release|Any CPU
		{23129A67-EC08-4659-8041-B5B42672D7CE}.Debug|Any CPU.ActiveCfg = Debug|Any CPU
		{23129A67-EC08-4659-8041-B5B42672D7CE}.Debug|Any CPU.Build.0 = Debug|Any CPU
		{23129A67-EC08-4659-8041-B5B42672D7CE}.Release|Any CPU.ActiveCfg = Release|Any CPU
		{23129A67-EC08-4659-8041-B5B42672D7CE}.Release|Any CPU.Build.0 = Release|Any CPU
		{A916A0C5-41D4-4305-8991-029383F3A498}.Debug|Any CPU.ActiveCfg = Debug|Any CPU
		{A916A0C5-41D4-4305-8991-029383F3A498}.Debug|Any CPU.Build.0 = Debug|Any CPU
		{A916A0C5-41D4-4305-8991-029383F3A498}.Release|Any CPU.ActiveCfg = Release|Any CPU
		{A916A0C5-41D4-4305-8991-029383F3A498}.Release|Any CPU.Build.0 = Release|Any CPU
		{4FE37A78-9C90-48B9-BD8E-B127700B6A3C}.Debug|Any CPU.ActiveCfg = Debug|Any CPU
		{4FE37A78-9C90-48B9-BD8E-B127700B6A3C}.Debug|Any CPU.Build.0 = Debug|Any CPU
		{4FE37A78-9C90-48B9-BD8E-B127700B6A3C}.Release|Any CPU.ActiveCfg = Release|Any CPU
		{4FE37A78-9C90-48B9-BD8E-B127700B6A3C}.Release|Any CPU.Build.0 = Release|Any CPU
		{8DE8FC0B-9639-4210-9DE5-44A1CA811E74}.Debug|Any CPU.ActiveCfg = Debug|Any CPU
		{8DE8FC0B-9639-4210-9DE5-44A1CA811E74}.Debug|Any CPU.Build.0 = Debug|Any CPU
		{8DE8FC0B-9639-4210-9DE5-44A1CA811E74}.Release|Any CPU.ActiveCfg = Release|Any CPU
		{8DE8FC0B-9639-4210-9DE5-44A1CA811E74}.Release|Any CPU.Build.0 = Release|Any CPU
		{55627779-2456-4B33-9AAC-6647316BC018}.Debug|Any CPU.ActiveCfg = Debug|Any CPU
		{55627779-2456-4B33-9AAC-6647316BC018}.Debug|Any CPU.Build.0 = Debug|Any CPU
		{55627779-2456-4B33-9AAC-6647316BC018}.Release|Any CPU.ActiveCfg = Release|Any CPU
		{55627779-2456-4B33-9AAC-6647316BC018}.Release|Any CPU.Build.0 = Release|Any CPU
		{00AABD3D-F3C9-4684-9EAC-AF0E6559A8D0}.Debug|Any CPU.ActiveCfg = Debug|Any CPU
		{00AABD3D-F3C9-4684-9EAC-AF0E6559A8D0}.Debug|Any CPU.Build.0 = Debug|Any CPU
		{00AABD3D-F3C9-4684-9EAC-AF0E6559A8D0}.Release|Any CPU.ActiveCfg = Release|Any CPU
		{00AABD3D-F3C9-4684-9EAC-AF0E6559A8D0}.Release|Any CPU.Build.0 = Release|Any CPU
		{2102DBA3-6942-451C-A08D-F9809ECBA931}.Debug|Any CPU.ActiveCfg = Debug|Any CPU
		{2102DBA3-6942-451C-A08D-F9809ECBA931}.Debug|Any CPU.Build.0 = Debug|Any CPU
		{2102DBA3-6942-451C-A08D-F9809ECBA931}.Release|Any CPU.ActiveCfg = Release|Any CPU
		{2102DBA3-6942-451C-A08D-F9809ECBA931}.Release|Any CPU.Build.0 = Release|Any CPU
		{FC5666CA-3085-4ADD-A159-9BC891A9C06F}.Debug|Any CPU.ActiveCfg = Debug|Any CPU
		{FC5666CA-3085-4ADD-A159-9BC891A9C06F}.Debug|Any CPU.Build.0 = Debug|Any CPU
		{FC5666CA-3085-4ADD-A159-9BC891A9C06F}.Release|Any CPU.ActiveCfg = Release|Any CPU
		{FC5666CA-3085-4ADD-A159-9BC891A9C06F}.Release|Any CPU.Build.0 = Release|Any CPU
		{090B0C57-1E53-4247-A00A-2F01CEB25C82}.Debug|Any CPU.ActiveCfg = Debug|Any CPU
		{090B0C57-1E53-4247-A00A-2F01CEB25C82}.Debug|Any CPU.Build.0 = Debug|Any CPU
		{090B0C57-1E53-4247-A00A-2F01CEB25C82}.Release|Any CPU.ActiveCfg = Release|Any CPU
		{090B0C57-1E53-4247-A00A-2F01CEB25C82}.Release|Any CPU.Build.0 = Release|Any CPU
		{CF12C478-AC87-4687-9298-1F665647E740}.Debug|Any CPU.ActiveCfg = Debug|Any CPU
		{CF12C478-AC87-4687-9298-1F665647E740}.Debug|Any CPU.Build.0 = Debug|Any CPU
		{CF12C478-AC87-4687-9298-1F665647E740}.Release|Any CPU.ActiveCfg = Release|Any CPU
		{CF12C478-AC87-4687-9298-1F665647E740}.Release|Any CPU.Build.0 = Release|Any CPU
		{937FCCB8-41E2-4D88-89FE-6AD1D8880929}.Debug|Any CPU.ActiveCfg = Debug|Any CPU
		{937FCCB8-41E2-4D88-89FE-6AD1D8880929}.Debug|Any CPU.Build.0 = Debug|Any CPU
		{937FCCB8-41E2-4D88-89FE-6AD1D8880929}.Release|Any CPU.ActiveCfg = Release|Any CPU
		{937FCCB8-41E2-4D88-89FE-6AD1D8880929}.Release|Any CPU.Build.0 = Release|Any CPU
		{545BC159-E2E4-4D75-A4A0-E09AAF2BDDA9}.Debug|Any CPU.ActiveCfg = Debug|Any CPU
		{545BC159-E2E4-4D75-A4A0-E09AAF2BDDA9}.Debug|Any CPU.Build.0 = Debug|Any CPU
		{545BC159-E2E4-4D75-A4A0-E09AAF2BDDA9}.Release|Any CPU.ActiveCfg = Release|Any CPU
		{545BC159-E2E4-4D75-A4A0-E09AAF2BDDA9}.Release|Any CPU.Build.0 = Release|Any CPU
		{459E1309-E700-4024-904C-E4AC72E89F28}.Debug|Any CPU.ActiveCfg = Debug|Any CPU
		{459E1309-E700-4024-904C-E4AC72E89F28}.Debug|Any CPU.Build.0 = Debug|Any CPU
		{459E1309-E700-4024-904C-E4AC72E89F28}.Release|Any CPU.ActiveCfg = Release|Any CPU
		{459E1309-E700-4024-904C-E4AC72E89F28}.Release|Any CPU.Build.0 = Release|Any CPU
		{CF41D214-FC44-4FDC-A9F8-586EC1E47921}.Debug|Any CPU.ActiveCfg = Debug|Any CPU
		{CF41D214-FC44-4FDC-A9F8-586EC1E47921}.Debug|Any CPU.Build.0 = Debug|Any CPU
		{CF41D214-FC44-4FDC-A9F8-586EC1E47921}.Release|Any CPU.ActiveCfg = Release|Any CPU
		{CF41D214-FC44-4FDC-A9F8-586EC1E47921}.Release|Any CPU.Build.0 = Release|Any CPU
		{DEC39A0E-5CC6-4580-B06B-5BDB4B0C9A6E}.Debug|Any CPU.ActiveCfg = Debug|Any CPU
		{DEC39A0E-5CC6-4580-B06B-5BDB4B0C9A6E}.Debug|Any CPU.Build.0 = Debug|Any CPU
		{DEC39A0E-5CC6-4580-B06B-5BDB4B0C9A6E}.Release|Any CPU.ActiveCfg = Release|Any CPU
		{DEC39A0E-5CC6-4580-B06B-5BDB4B0C9A6E}.Release|Any CPU.Build.0 = Release|Any CPU
		{93FA958A-E0CE-436B-9131-AEAFEF369BEF}.Debug|Any CPU.ActiveCfg = Debug|Any CPU
		{93FA958A-E0CE-436B-9131-AEAFEF369BEF}.Debug|Any CPU.Build.0 = Debug|Any CPU
		{93FA958A-E0CE-436B-9131-AEAFEF369BEF}.Release|Any CPU.ActiveCfg = Release|Any CPU
		{93FA958A-E0CE-436B-9131-AEAFEF369BEF}.Release|Any CPU.Build.0 = Release|Any CPU
		{A2E8AF79-6CE2-4C1F-AF89-DD0633E878EA}.Debug|Any CPU.ActiveCfg = Debug|Any CPU
		{A2E8AF79-6CE2-4C1F-AF89-DD0633E878EA}.Debug|Any CPU.Build.0 = Debug|Any CPU
		{A2E8AF79-6CE2-4C1F-AF89-DD0633E878EA}.Release|Any CPU.ActiveCfg = Release|Any CPU
		{A2E8AF79-6CE2-4C1F-AF89-DD0633E878EA}.Release|Any CPU.Build.0 = Release|Any CPU
		{4DEC71C5-B329-4053-90F5-4ABD6FEDCC4C}.Debug|Any CPU.ActiveCfg = Debug|Any CPU
		{4DEC71C5-B329-4053-90F5-4ABD6FEDCC4C}.Debug|Any CPU.Build.0 = Debug|Any CPU
		{4DEC71C5-B329-4053-90F5-4ABD6FEDCC4C}.Release|Any CPU.ActiveCfg = Release|Any CPU
		{4DEC71C5-B329-4053-90F5-4ABD6FEDCC4C}.Release|Any CPU.Build.0 = Release|Any CPU
		{030AC885-6C10-4ECD-8349-39806DD4C631}.Debug|Any CPU.ActiveCfg = Debug|Any CPU
		{030AC885-6C10-4ECD-8349-39806DD4C631}.Debug|Any CPU.Build.0 = Debug|Any CPU
		{030AC885-6C10-4ECD-8349-39806DD4C631}.Release|Any CPU.ActiveCfg = Release|Any CPU
		{030AC885-6C10-4ECD-8349-39806DD4C631}.Release|Any CPU.Build.0 = Release|Any CPU
		{43622F5E-FFA5-49CD-A02F-9F17F95CD500}.Debug|Any CPU.ActiveCfg = Debug|Any CPU
		{43622F5E-FFA5-49CD-A02F-9F17F95CD500}.Debug|Any CPU.Build.0 = Debug|Any CPU
		{43622F5E-FFA5-49CD-A02F-9F17F95CD500}.Release|Any CPU.ActiveCfg = Release|Any CPU
		{43622F5E-FFA5-49CD-A02F-9F17F95CD500}.Release|Any CPU.Build.0 = Release|Any CPU
		{D446C956-4861-45D3-B320-075E9FE52CCA}.Debug|Any CPU.ActiveCfg = Debug|Any CPU
		{D446C956-4861-45D3-B320-075E9FE52CCA}.Debug|Any CPU.Build.0 = Debug|Any CPU
		{D446C956-4861-45D3-B320-075E9FE52CCA}.Release|Any CPU.ActiveCfg = Release|Any CPU
		{D446C956-4861-45D3-B320-075E9FE52CCA}.Release|Any CPU.Build.0 = Release|Any CPU
		{5F3288A2-62A7-4006-891E-FBDBE61C0618}.Debug|Any CPU.ActiveCfg = Debug|Any CPU
		{5F3288A2-62A7-4006-891E-FBDBE61C0618}.Debug|Any CPU.Build.0 = Debug|Any CPU
		{5F3288A2-62A7-4006-891E-FBDBE61C0618}.Release|Any CPU.ActiveCfg = Release|Any CPU
		{5F3288A2-62A7-4006-891E-FBDBE61C0618}.Release|Any CPU.Build.0 = Release|Any CPU
		{29D379E0-1AC1-4973-AA73-7F83C91D462C}.Debug|Any CPU.ActiveCfg = Debug|Any CPU
		{29D379E0-1AC1-4973-AA73-7F83C91D462C}.Debug|Any CPU.Build.0 = Debug|Any CPU
		{29D379E0-1AC1-4973-AA73-7F83C91D462C}.Release|Any CPU.ActiveCfg = Release|Any CPU
		{29D379E0-1AC1-4973-AA73-7F83C91D462C}.Release|Any CPU.Build.0 = Release|Any CPU
		{CFBE74FD-C7E9-4274-9B50-C82085CF58F3}.Debug|Any CPU.ActiveCfg = Debug|Any CPU
		{CFBE74FD-C7E9-4274-9B50-C82085CF58F3}.Debug|Any CPU.Build.0 = Debug|Any CPU
		{CFBE74FD-C7E9-4274-9B50-C82085CF58F3}.Release|Any CPU.ActiveCfg = Release|Any CPU
		{CFBE74FD-C7E9-4274-9B50-C82085CF58F3}.Release|Any CPU.Build.0 = Release|Any CPU
		{3C9AB42A-EE85-47E3-ADFE-81DEE0DD6834}.Debug|Any CPU.ActiveCfg = Debug|Any CPU
		{3C9AB42A-EE85-47E3-ADFE-81DEE0DD6834}.Debug|Any CPU.Build.0 = Debug|Any CPU
		{3C9AB42A-EE85-47E3-ADFE-81DEE0DD6834}.Release|Any CPU.ActiveCfg = Release|Any CPU
		{3C9AB42A-EE85-47E3-ADFE-81DEE0DD6834}.Release|Any CPU.Build.0 = Release|Any CPU
		{5CB30C17-CE66-49A6-94D8-38C54C388646}.Debug|Any CPU.ActiveCfg = Debug|Any CPU
		{5CB30C17-CE66-49A6-94D8-38C54C388646}.Debug|Any CPU.Build.0 = Debug|Any CPU
		{5CB30C17-CE66-49A6-94D8-38C54C388646}.Release|Any CPU.ActiveCfg = Release|Any CPU
		{5CB30C17-CE66-49A6-94D8-38C54C388646}.Release|Any CPU.Build.0 = Release|Any CPU
		{A8E633C0-18F8-4929-9482-991A94A4B848}.Debug|Any CPU.ActiveCfg = Debug|Any CPU
		{A8E633C0-18F8-4929-9482-991A94A4B848}.Debug|Any CPU.Build.0 = Debug|Any CPU
		{A8E633C0-18F8-4929-9482-991A94A4B848}.Release|Any CPU.ActiveCfg = Release|Any CPU
		{A8E633C0-18F8-4929-9482-991A94A4B848}.Release|Any CPU.Build.0 = Release|Any CPU
		{5A45FE32-337C-4310-BA8E-2129FDE67CED}.Debug|Any CPU.ActiveCfg = Debug|Any CPU
		{5A45FE32-337C-4310-BA8E-2129FDE67CED}.Debug|Any CPU.Build.0 = Debug|Any CPU
		{5A45FE32-337C-4310-BA8E-2129FDE67CED}.Release|Any CPU.ActiveCfg = Release|Any CPU
		{5A45FE32-337C-4310-BA8E-2129FDE67CED}.Release|Any CPU.Build.0 = Release|Any CPU
		{6B212729-FAA9-46FE-A5AD-EB353EAA7405}.Debug|Any CPU.ActiveCfg = Debug|Any CPU
		{6B212729-FAA9-46FE-A5AD-EB353EAA7405}.Debug|Any CPU.Build.0 = Debug|Any CPU
		{6B212729-FAA9-46FE-A5AD-EB353EAA7405}.Release|Any CPU.ActiveCfg = Release|Any CPU
		{6B212729-FAA9-46FE-A5AD-EB353EAA7405}.Release|Any CPU.Build.0 = Release|Any CPU
	EndGlobalSection
	GlobalSection(SolutionProperties) = preSolution
		HideSolutionNode = FALSE
	EndGlobalSection
	GlobalSection(NestedProjects) = preSolution
		{ED8C9F39-89A5-428B-A3F2-20A75AF092D3} = {9FF6FF00-830B-46D2-A43D-3105D455344F}
		{530BB4AA-939A-456F-B5C6-B6B81E25CC64} = {9FF6FF00-830B-46D2-A43D-3105D455344F}
		{ED251BC3-9CC1-43DE-BF65-CB1F45907A39} = {9FF6FF00-830B-46D2-A43D-3105D455344F}
		{93ABE696-3EF5-44DB-AA89-1C8C2A842A97} = {9FF6FF00-830B-46D2-A43D-3105D455344F}
		{5ABE505D-9E44-48A4-A686-45A693F0969D} = {9FF6FF00-830B-46D2-A43D-3105D455344F}
		{795427CD-1754-4126-8145-DCB8E80962D7} = {9FF6FF00-830B-46D2-A43D-3105D455344F}
		{865CC8BA-23ED-48ED-B99D-7D02761DCA3A} = {9FF6FF00-830B-46D2-A43D-3105D455344F}
		{AF7CE0E1-231B-4E0D-9B4E-6F650D7019B9} = {9FF6FF00-830B-46D2-A43D-3105D455344F}
		{0DCBDAD6-8CCC-4AB8-8FFC-D91E7F489707} = {9FF6FF00-830B-46D2-A43D-3105D455344F}
		{23869AA1-4E2A-40AF-9874-AB61CAAA9B2A} = {9FF6FF00-830B-46D2-A43D-3105D455344F}
		{ED3DAD99-5967-4BAE-9AF5-E3F4E65DBFBD} = {9FF6FF00-830B-46D2-A43D-3105D455344F}
		{90C5FBE7-2C43-4919-A142-E782C9BA2D6A} = {9FF6FF00-830B-46D2-A43D-3105D455344F}
		{844C8057-C400-4CC6-9307-D325B9B2F433} = {9FF6FF00-830B-46D2-A43D-3105D455344F}
		{642D4523-20F5-4482-A9E3-3F7FDCF97F3A} = {9FF6FF00-830B-46D2-A43D-3105D455344F}
		{8728DD5C-4083-45BE-8EBD-23ECFAEB8B6B} = {9FF6FF00-830B-46D2-A43D-3105D455344F}
		{F119ADC6-80ED-4A5E-9C49-DC5D8058735F} = {9FF6FF00-830B-46D2-A43D-3105D455344F}
		{BAED728C-2573-4919-BA44-490752C70D2D} = {9FF6FF00-830B-46D2-A43D-3105D455344F}
		{D9B089A8-3239-4142-AA4E-00EA704A7AB4} = {9FF6FF00-830B-46D2-A43D-3105D455344F}
		{1A19E7DE-65E9-41C3-B82E-FEB8B59BD49D} = {9FF6FF00-830B-46D2-A43D-3105D455344F}
		{04228F5E-26C7-4EB0-87D2-B04807258955} = {9FF6FF00-830B-46D2-A43D-3105D455344F}
		{B33343E5-709B-42EE-BDFE-10C13145ECFC} = {9FF6FF00-830B-46D2-A43D-3105D455344F}
		{2108D3F7-E6FD-444F-9EA3-A91DBCE83BC9} = {9FF6FF00-830B-46D2-A43D-3105D455344F}
		{8670535E-B03F-423D-AC40-40B1FD879007} = {9FF6FF00-830B-46D2-A43D-3105D455344F}
		{5F7AA0F2-E6A6-41DF-B79C-95AECDFAD9DD} = {9FF6FF00-830B-46D2-A43D-3105D455344F}
		{642C83EC-B034-42B3-A207-768AAFB78047} = {A460A8B1-363C-4B05-9EE1-5B597A8E8D9D}
		{5A9AD68E-52FE-4863-BA4F-D370F2BC335D} = {A460A8B1-363C-4B05-9EE1-5B597A8E8D9D}
		{18476761-FA76-44E3-B927-31CD693E300F} = {A460A8B1-363C-4B05-9EE1-5B597A8E8D9D}
		{F8A6B361-2F06-463C-87DA-1C165523255A} = {A460A8B1-363C-4B05-9EE1-5B597A8E8D9D}
		{D22E85F8-1D9D-4A7F-9A18-1FC9F22E1DF8} = {A460A8B1-363C-4B05-9EE1-5B597A8E8D9D}
		{C2292D2A-01E6-4418-A6D5-EE29B1B99B6E} = {A460A8B1-363C-4B05-9EE1-5B597A8E8D9D}
		{486756E5-9283-47BC-907F-1B68A6E463A2} = {D7615A91-DFA4-4107-8188-72C6170484C1}
		{D7BFAF47-8639-43E1-ACAF-80BC6657C62C} = {D7615A91-DFA4-4107-8188-72C6170484C1}
		{6DF96C53-FB46-401A-B5DD-98C6307BF9B2} = {9FF6FF00-830B-46D2-A43D-3105D455344F}
		{B3D5FC10-C48E-4CBF-9D18-EB0E35FE4C0B} = {9FF6FF00-830B-46D2-A43D-3105D455344F}
		{BAFC54B5-3EEB-40BC-BFEF-F5ACC8A3176C} = {9FF6FF00-830B-46D2-A43D-3105D455344F}
		{56ACE3B4-2E8A-4094-8C65-D2E1F694CE90} = {9FF6FF00-830B-46D2-A43D-3105D455344F}
		{AA56B55F-2468-4EC7-8B2E-0D3A4A68A852} = {9FF6FF00-830B-46D2-A43D-3105D455344F}
		{A1E2DD86-5BA3-4410-8D89-F39600F46760} = {9FF6FF00-830B-46D2-A43D-3105D455344F}
		{25B8C3F2-0455-42A3-90B2-E2AD2534571B} = {9FF6FF00-830B-46D2-A43D-3105D455344F}
		{E596DF13-465F-4D4B-949D-0B14A5F1F46D} = {9FF6FF00-830B-46D2-A43D-3105D455344F}
		{D3EA0F79-0F34-497A-B1D3-6BE21B9C8349} = {9FF6FF00-830B-46D2-A43D-3105D455344F}
		{FB09C6A4-00E0-4651-8E9F-FC1EAB38A3B4} = {9FF6FF00-830B-46D2-A43D-3105D455344F}
		{AE8400F8-DC0D-40DF-9C43-BEFD6D8B6421} = {9FF6FF00-830B-46D2-A43D-3105D455344F}
		{B8EC1703-6912-4EC5-AF6B-0A745394718E} = {9FF6FF00-830B-46D2-A43D-3105D455344F}
		{7B53964A-6068-4109-B4B7-F77FFF121ECE} = {9FF6FF00-830B-46D2-A43D-3105D455344F}
		{4EF2D43B-B397-4A04-B547-92864FA2050B} = {9FF6FF00-830B-46D2-A43D-3105D455344F}
		{3D1FA71E-EDB6-4A9B-B607-7F530FE8906A} = {9FF6FF00-830B-46D2-A43D-3105D455344F}
		{1DB96F49-0D83-4FD3-A5D2-A6CC6AC79940} = {9FF6FF00-830B-46D2-A43D-3105D455344F}
		{99AD0BC6-39FB-497C-8A49-D41C4B636F14} = {9FF6FF00-830B-46D2-A43D-3105D455344F}
		{A30DB885-EA48-4BD4-9E14-3CB20596F65A} = {9FF6FF00-830B-46D2-A43D-3105D455344F}
		{3B05AA7B-47E5-4C42-8EC2-38B8BB3DA9EA} = {9FF6FF00-830B-46D2-A43D-3105D455344F}
		{F3FBD166-A88D-4FFF-BD53-2F7BD012C14E} = {D7615A91-DFA4-4107-8188-72C6170484C1}
		{7678ADA9-0201-4A38-99BF-552EEDEA736D} = {D7615A91-DFA4-4107-8188-72C6170484C1}
		{7DEAFDC4-E288-4190-A77F-8D9E24A9ECC4} = {F3FBD166-A88D-4FFF-BD53-2F7BD012C14E}
		{60C2A665-B034-4548-9BA6-B23436DD8E2F} = {D7615A91-DFA4-4107-8188-72C6170484C1}
		{3184CDA0-3170-4CC0-BD6A-1BAC063C9179} = {60C2A665-B034-4548-9BA6-B23436DD8E2F}
		{2172F113-346D-4A17-92B4-DF9530CC0AB0} = {60C2A665-B034-4548-9BA6-B23436DD8E2F}
		{23129A67-EC08-4659-8041-B5B42672D7CE} = {60C2A665-B034-4548-9BA6-B23436DD8E2F}
		{A916A0C5-41D4-4305-8991-029383F3A498} = {852AA339-0D9A-4E3E-A7DE-6A0858C87E7E}
		{4FE37A78-9C90-48B9-BD8E-B127700B6A3C} = {852AA339-0D9A-4E3E-A7DE-6A0858C87E7E}
		{8DE8FC0B-9639-4210-9DE5-44A1CA811E74} = {852AA339-0D9A-4E3E-A7DE-6A0858C87E7E}
		{55627779-2456-4B33-9AAC-6647316BC018} = {852AA339-0D9A-4E3E-A7DE-6A0858C87E7E}
		{00AABD3D-F3C9-4684-9EAC-AF0E6559A8D0} = {852AA339-0D9A-4E3E-A7DE-6A0858C87E7E}
		{10755BCC-00C8-40C5-A889-BB8E2A4DEE49} = {D7615A91-DFA4-4107-8188-72C6170484C1}
		{2102DBA3-6942-451C-A08D-F9809ECBA931} = {10755BCC-00C8-40C5-A889-BB8E2A4DEE49}
		{FC5666CA-3085-4ADD-A159-9BC891A9C06F} = {F3FBD166-A88D-4FFF-BD53-2F7BD012C14E}
		{090B0C57-1E53-4247-A00A-2F01CEB25C82} = {F3FBD166-A88D-4FFF-BD53-2F7BD012C14E}
		{CF12C478-AC87-4687-9298-1F665647E740} = {60C2A665-B034-4548-9BA6-B23436DD8E2F}
		{937FCCB8-41E2-4D88-89FE-6AD1D8880929} = {60C2A665-B034-4548-9BA6-B23436DD8E2F}
		{545BC159-E2E4-4D75-A4A0-E09AAF2BDDA9} = {7E8F2357-70CE-4764-866A-04F2452E379F}
		{459E1309-E700-4024-904C-E4AC72E89F28} = {20A04CC0-F63E-4300-BC54-78962A394ECA}
		{CF41D214-FC44-4FDC-A9F8-586EC1E47921} = {20A04CC0-F63E-4300-BC54-78962A394ECA}
		{DEC39A0E-5CC6-4580-B06B-5BDB4B0C9A6E} = {7E8F2357-70CE-4764-866A-04F2452E379F}
		{93FA958A-E0CE-436B-9131-AEAFEF369BEF} = {20A04CC0-F63E-4300-BC54-78962A394ECA}
		{A2E8AF79-6CE2-4C1F-AF89-DD0633E878EA} = {20A04CC0-F63E-4300-BC54-78962A394ECA}
		{4DEC71C5-B329-4053-90F5-4ABD6FEDCC4C} = {184ACF00-2013-4606-B94B-6F706312CAC0}
		{030AC885-6C10-4ECD-8349-39806DD4C631} = {519C18A7-977B-457D-9F25-2279C45F7B57}
		{43622F5E-FFA5-49CD-A02F-9F17F95CD500} = {7E8F2357-70CE-4764-866A-04F2452E379F}
		{D446C956-4861-45D3-B320-075E9FE52CCA} = {7E8F2357-70CE-4764-866A-04F2452E379F}
		{5F3288A2-62A7-4006-891E-FBDBE61C0618} = {7E8F2357-70CE-4764-866A-04F2452E379F}
		{29D379E0-1AC1-4973-AA73-7F83C91D462C} = {7E8F2357-70CE-4764-866A-04F2452E379F}
		{CFBE74FD-C7E9-4274-9B50-C82085CF58F3} = {7E8F2357-70CE-4764-866A-04F2452E379F}
		{3C9AB42A-EE85-47E3-ADFE-81DEE0DD6834} = {7E8F2357-70CE-4764-866A-04F2452E379F}
		{5CB30C17-CE66-49A6-94D8-38C54C388646} = {7E8F2357-70CE-4764-866A-04F2452E379F}
		{A8E633C0-18F8-4929-9482-991A94A4B848} = {7E8F2357-70CE-4764-866A-04F2452E379F}
		{5A45FE32-337C-4310-BA8E-2129FDE67CED} = {7E8F2357-70CE-4764-866A-04F2452E379F}
		{6B212729-FAA9-46FE-A5AD-EB353EAA7405} = {7E8F2357-70CE-4764-866A-04F2452E379F}
	EndGlobalSection
	GlobalSection(ExtensibilityGlobals) = postSolution
		SolutionGuid = {D8F0DB15-EDE2-4A62-969C-432D16FD19A8}
	EndGlobalSection
EndGlobal
